// !$*UTF8*$!
{
	archiveVersion = 1;
	classes = {
	};
	objectVersion = 46;
	objects = {

/* Begin PBXBuildFile section */
		0022152A1C2CE63900E665F6 /* ANWeather.xcdatamodeld in Sources */ = {isa = PBXBuildFile; fileRef = 002215281C2CE63900E665F6 /* ANWeather.xcdatamodeld */; };
		002215301C2CE63900E665F6 /* Main.storyboard in Resources */ = {isa = PBXBuildFile; fileRef = 0022152E1C2CE63900E665F6 /* Main.storyboard */; };
		002215321C2CE63900E665F6 /* Images.xcassets in Resources */ = {isa = PBXBuildFile; fileRef = 002215311C2CE63900E665F6 /* Images.xcassets */; };
		002215351C2CE63900E665F6 /* LaunchScreen.xib in Resources */ = {isa = PBXBuildFile; fileRef = 002215331C2CE63900E665F6 /* LaunchScreen.xib */; };
		002215411C2CE63900E665F6 /* ANWeatherTests.m in Sources */ = {isa = PBXBuildFile; fileRef = 002215401C2CE63900E665F6 /* ANWeatherTests.m */; };
		002215C11C2CE8CE00E665F6 /* Foundation+Log.m in Sources */ = {isa = PBXBuildFile; fileRef = 002215BE1C2CE8CE00E665F6 /* Foundation+Log.m */; };
		002215C21C2CE8CE00E665F6 /* UIView+Extension.m in Sources */ = {isa = PBXBuildFile; fileRef = 002215C01C2CE8CE00E665F6 /* UIView+Extension.m */; };
		002215EF1C2CE8E500E665F6 /* AFHTTPRequestOperation.m in Sources */ = {isa = PBXBuildFile; fileRef = 002215C51C2CE8E500E665F6 /* AFHTTPRequestOperation.m */; };
		002215F01C2CE8E500E665F6 /* AFHTTPRequestOperationManager.m in Sources */ = {isa = PBXBuildFile; fileRef = 002215C71C2CE8E500E665F6 /* AFHTTPRequestOperationManager.m */; };
		002215F11C2CE8E500E665F6 /* AFHTTPSessionManager.m in Sources */ = {isa = PBXBuildFile; fileRef = 002215C91C2CE8E500E665F6 /* AFHTTPSessionManager.m */; };
		002215F21C2CE8E500E665F6 /* AFNetworkReachabilityManager.m in Sources */ = {isa = PBXBuildFile; fileRef = 002215CC1C2CE8E500E665F6 /* AFNetworkReachabilityManager.m */; };
		002215F31C2CE8E500E665F6 /* AFSecurityPolicy.m in Sources */ = {isa = PBXBuildFile; fileRef = 002215CE1C2CE8E500E665F6 /* AFSecurityPolicy.m */; };
		002215F41C2CE8E500E665F6 /* AFURLConnectionOperation.m in Sources */ = {isa = PBXBuildFile; fileRef = 002215D01C2CE8E500E665F6 /* AFURLConnectionOperation.m */; };
		002215F51C2CE8E500E665F6 /* AFURLRequestSerialization.m in Sources */ = {isa = PBXBuildFile; fileRef = 002215D21C2CE8E500E665F6 /* AFURLRequestSerialization.m */; };
		002215F61C2CE8E500E665F6 /* AFURLResponseSerialization.m in Sources */ = {isa = PBXBuildFile; fileRef = 002215D41C2CE8E500E665F6 /* AFURLResponseSerialization.m */; };
		002215F71C2CE8E500E665F6 /* AFURLSessionManager.m in Sources */ = {isa = PBXBuildFile; fileRef = 002215D61C2CE8E500E665F6 /* AFURLSessionManager.m */; };
		002215F81C2CE8E500E665F6 /* MJDictionaryCache.m in Sources */ = {isa = PBXBuildFile; fileRef = 002215D91C2CE8E500E665F6 /* MJDictionaryCache.m */; };
		002215F91C2CE8E500E665F6 /* MJExtensionConst.m in Sources */ = {isa = PBXBuildFile; fileRef = 002215DC1C2CE8E500E665F6 /* MJExtensionConst.m */; };
		002215FA1C2CE8E500E665F6 /* MJFoundation.m in Sources */ = {isa = PBXBuildFile; fileRef = 002215DE1C2CE8E500E665F6 /* MJFoundation.m */; };
		002215FB1C2CE8E500E665F6 /* MJProperty.m in Sources */ = {isa = PBXBuildFile; fileRef = 002215E01C2CE8E500E665F6 /* MJProperty.m */; };
		002215FC1C2CE8E500E665F6 /* MJPropertyKey.m in Sources */ = {isa = PBXBuildFile; fileRef = 002215E21C2CE8E500E665F6 /* MJPropertyKey.m */; };
		002215FD1C2CE8E500E665F6 /* MJPropertyType.m in Sources */ = {isa = PBXBuildFile; fileRef = 002215E41C2CE8E500E665F6 /* MJPropertyType.m */; };
		002215FE1C2CE8E500E665F6 /* NSObject+MJClass.m in Sources */ = {isa = PBXBuildFile; fileRef = 002215E61C2CE8E500E665F6 /* NSObject+MJClass.m */; };
		002215FF1C2CE8E500E665F6 /* NSObject+MJCoding.m in Sources */ = {isa = PBXBuildFile; fileRef = 002215E81C2CE8E500E665F6 /* NSObject+MJCoding.m */; };
		002216001C2CE8E500E665F6 /* NSObject+MJKeyValue.m in Sources */ = {isa = PBXBuildFile; fileRef = 002215EA1C2CE8E500E665F6 /* NSObject+MJKeyValue.m */; };
		002216011C2CE8E500E665F6 /* NSObject+MJProperty.m in Sources */ = {isa = PBXBuildFile; fileRef = 002215EC1C2CE8E500E665F6 /* NSObject+MJProperty.m */; };
		002216021C2CE8E500E665F6 /* NSString+MJExtension.m in Sources */ = {isa = PBXBuildFile; fileRef = 002215EE1C2CE8E500E665F6 /* NSString+MJExtension.m */; };
		002216061C2CE8F800E665F6 /* AppDelegate.m in Sources */ = {isa = PBXBuildFile; fileRef = 002216041C2CE8F800E665F6 /* AppDelegate.m */; };
		002216071C2CE8F800E665F6 /* main.m in Sources */ = {isa = PBXBuildFile; fileRef = 002216051C2CE8F800E665F6 /* main.m */; };
		003C980E1C327FFD00160D91 /* MJRefreshAutoFooter.m in Sources */ = {isa = PBXBuildFile; fileRef = 003C97E41C327FFD00160D91 /* MJRefreshAutoFooter.m */; };
		003C980F1C327FFD00160D91 /* MJRefreshBackFooter.m in Sources */ = {isa = PBXBuildFile; fileRef = 003C97E61C327FFD00160D91 /* MJRefreshBackFooter.m */; };
		003C98101C327FFD00160D91 /* MJRefreshComponent.m in Sources */ = {isa = PBXBuildFile; fileRef = 003C97E81C327FFD00160D91 /* MJRefreshComponent.m */; };
		003C98111C327FFD00160D91 /* MJRefreshFooter.m in Sources */ = {isa = PBXBuildFile; fileRef = 003C97EA1C327FFD00160D91 /* MJRefreshFooter.m */; };
		003C98121C327FFD00160D91 /* MJRefreshHeader.m in Sources */ = {isa = PBXBuildFile; fileRef = 003C97EC1C327FFD00160D91 /* MJRefreshHeader.m */; };
		003C98131C327FFD00160D91 /* MJRefreshAutoGifFooter.m in Sources */ = {isa = PBXBuildFile; fileRef = 003C97F11C327FFD00160D91 /* MJRefreshAutoGifFooter.m */; };
		003C98141C327FFD00160D91 /* MJRefreshAutoNormalFooter.m in Sources */ = {isa = PBXBuildFile; fileRef = 003C97F31C327FFD00160D91 /* MJRefreshAutoNormalFooter.m */; };
		003C98151C327FFD00160D91 /* MJRefreshAutoStateFooter.m in Sources */ = {isa = PBXBuildFile; fileRef = 003C97F51C327FFD00160D91 /* MJRefreshAutoStateFooter.m */; };
		003C98161C327FFD00160D91 /* MJRefreshBackGifFooter.m in Sources */ = {isa = PBXBuildFile; fileRef = 003C97F81C327FFD00160D91 /* MJRefreshBackGifFooter.m */; };
		003C98171C327FFD00160D91 /* MJRefreshBackNormalFooter.m in Sources */ = {isa = PBXBuildFile; fileRef = 003C97FA1C327FFD00160D91 /* MJRefreshBackNormalFooter.m */; };
		003C98181C327FFD00160D91 /* MJRefreshBackStateFooter.m in Sources */ = {isa = PBXBuildFile; fileRef = 003C97FC1C327FFD00160D91 /* MJRefreshBackStateFooter.m */; };
		003C98191C327FFD00160D91 /* MJRefreshGifHeader.m in Sources */ = {isa = PBXBuildFile; fileRef = 003C97FF1C327FFD00160D91 /* MJRefreshGifHeader.m */; };
		003C981A1C327FFD00160D91 /* MJRefreshNormalHeader.m in Sources */ = {isa = PBXBuildFile; fileRef = 003C98011C327FFD00160D91 /* MJRefreshNormalHeader.m */; };
		003C981B1C327FFD00160D91 /* MJRefreshStateHeader.m in Sources */ = {isa = PBXBuildFile; fileRef = 003C98031C327FFD00160D91 /* MJRefreshStateHeader.m */; };
		003C981C1C327FFD00160D91 /* MJRefresh.bundle in Resources */ = {isa = PBXBuildFile; fileRef = 003C98041C327FFD00160D91 /* MJRefresh.bundle */; };
		003C981D1C327FFD00160D91 /* MJRefreshConst.m in Sources */ = {isa = PBXBuildFile; fileRef = 003C98071C327FFD00160D91 /* MJRefreshConst.m */; };
		003C981E1C327FFD00160D91 /* UIScrollView+MJExtension.m in Sources */ = {isa = PBXBuildFile; fileRef = 003C98091C327FFD00160D91 /* UIScrollView+MJExtension.m */; };
		003C981F1C327FFD00160D91 /* UIScrollView+MJRefresh.m in Sources */ = {isa = PBXBuildFile; fileRef = 003C980B1C327FFD00160D91 /* UIScrollView+MJRefresh.m */; };
		003C98201C327FFD00160D91 /* UIView+MJExtension.m in Sources */ = {isa = PBXBuildFile; fileRef = 003C980D1C327FFD00160D91 /* UIView+MJExtension.m */; };
		003C982D1C32B2AC00160D91 /* UINavigationBar+BackgroundColor.m in Sources */ = {isa = PBXBuildFile; fileRef = 003C982C1C32B2AC00160D91 /* UINavigationBar+BackgroundColor.m */; };
		003C984B1C32BA3A00160D91 /* ANRightTableViewController.m in Sources */ = {isa = PBXBuildFile; fileRef = 003C98481C32BA3A00160D91 /* ANRightTableViewController.m */; };
		009033C11C2E2F46001FFED3 /* MBProgressHUD+MJ.m in Sources */ = {isa = PBXBuildFile; fileRef = 009033BD1C2E2F46001FFED3 /* MBProgressHUD+MJ.m */; };
		009033C21C2E2F46001FFED3 /* MBProgressHUD.bundle in Resources */ = {isa = PBXBuildFile; fileRef = 009033BE1C2E2F46001FFED3 /* MBProgressHUD.bundle */; };
		009033C31C2E2F46001FFED3 /* MBProgressHUD.m in Sources */ = {isa = PBXBuildFile; fileRef = 009033C01C2E2F46001FFED3 /* MBProgressHUD.m */; };
		009033CB1C2E2F53001FFED3 /* RECommonFunctions.m in Sources */ = {isa = PBXBuildFile; fileRef = 009033C61C2E2F53001FFED3 /* RECommonFunctions.m */; };
		009033CC1C2E2F53001FFED3 /* RESideMenu.m in Sources */ = {isa = PBXBuildFile; fileRef = 009033C81C2E2F53001FFED3 /* RESideMenu.m */; };
		009033CD1C2E2F53001FFED3 /* UIViewController+RESideMenu.m in Sources */ = {isa = PBXBuildFile; fileRef = 009033CA1C2E2F53001FFED3 /* UIViewController+RESideMenu.m */; };
		009033F71C2E2FA3001FFED3 /* ViewController.m in Sources */ = {isa = PBXBuildFile; fileRef = 009033D61C2E2FA3001FFED3 /* ViewController.m */; };
		009033F81C2E2FA3001FFED3 /* ANAqiM.m in Sources */ = {isa = PBXBuildFile; fileRef = 009033D91C2E2FA3001FFED3 /* ANAqiM.m */; };
		009033F91C2E2FA3001FFED3 /* ANCity.m in Sources */ = {isa = PBXBuildFile; fileRef = 009033DB1C2E2FA3001FFED3 /* ANCity.m */; };
		009033FA1C2E2FA3001FFED3 /* ANCondM.m in Sources */ = {isa = PBXBuildFile; fileRef = 009033DD1C2E2FA3001FFED3 /* ANCondM.m */; };
		009033FB1C2E2FA3001FFED3 /* ANDailyForecastM.m in Sources */ = {isa = PBXBuildFile; fileRef = 009033DF1C2E2FA3001FFED3 /* ANDailyForecastM.m */; };
		009033FC1C2E2FA3001FFED3 /* ANNowM.m in Sources */ = {isa = PBXBuildFile; fileRef = 009033E11C2E2FA3001FFED3 /* ANNowM.m */; };
		009033FD1C2E2FA3001FFED3 /* ANTemM.m in Sources */ = {isa = PBXBuildFile; fileRef = 009033E31C2E2FA3001FFED3 /* ANTemM.m */; };
		009033FE1C2E2FA3001FFED3 /* ANWeatherData.m in Sources */ = {isa = PBXBuildFile; fileRef = 009033E51C2E2FA3001FFED3 /* ANWeatherData.m */; };
		009033FF1C2E2FA3001FFED3 /* ANWindM.m in Sources */ = {isa = PBXBuildFile; fileRef = 009033E71C2E2FA3001FFED3 /* ANWindM.m */; };
		009034001C2E2FA3001FFED3 /* ANPM25ItemView.m in Sources */ = {isa = PBXBuildFile; fileRef = 009033EA1C2E2FA3001FFED3 /* ANPM25ItemView.m */; };
		009034011C2E2FA3001FFED3 /* ANPM25ItemView.xib in Resources */ = {isa = PBXBuildFile; fileRef = 009033EB1C2E2FA3001FFED3 /* ANPM25ItemView.xib */; };
		009034021C2E2FA3001FFED3 /* ANTempItemView.m in Sources */ = {isa = PBXBuildFile; fileRef = 009033ED1C2E2FA3001FFED3 /* ANTempItemView.m */; };
		009034041C2E2FA3001FFED3 /* ANWeatherItemView.m in Sources */ = {isa = PBXBuildFile; fileRef = 009033F01C2E2FA3001FFED3 /* ANWeatherItemView.m */; };
		009034051C2E2FA3001FFED3 /* ANWeatherItemView.xib in Resources */ = {isa = PBXBuildFile; fileRef = 009033F11C2E2FA3001FFED3 /* ANWeatherItemView.xib */; };
		009034061C2E2FA3001FFED3 /* ANWeatherView.m in Sources */ = {isa = PBXBuildFile; fileRef = 009033F31C2E2FA3001FFED3 /* ANWeatherView.m */; };
		009034071C2E2FA3001FFED3 /* ANWindSpeedItemView.m in Sources */ = {isa = PBXBuildFile; fileRef = 009033F51C2E2FA3001FFED3 /* ANWindSpeedItemView.m */; };
		009034081C2E2FA3001FFED3 /* ANWindSpeedItemView.xib in Resources */ = {isa = PBXBuildFile; fileRef = 009033F61C2E2FA3001FFED3 /* ANWindSpeedItemView.xib */; };
		009034121C2E341D001FFED3 /* DEMOLeftMenuViewController.m in Sources */ = {isa = PBXBuildFile; fileRef = 0090340C1C2E341D001FFED3 /* DEMOLeftMenuViewController.m */; };
		00934F3B1C311F710042F0D9 /* ANTempItemView.xib in Resources */ = {isa = PBXBuildFile; fileRef = 00934F3A1C311F710042F0D9 /* ANTempItemView.xib */; };
		00934F471C315F060042F0D9 /* ANDaysWeatherCell.m in Sources */ = {isa = PBXBuildFile; fileRef = 00934F451C315F060042F0D9 /* ANDaysWeatherCell.m */; };
		00934F481C315F060042F0D9 /* ANDaysWeatherCell.xib in Resources */ = {isa = PBXBuildFile; fileRef = 00934F461C315F060042F0D9 /* ANDaysWeatherCell.xib */; };
		00B98D061C33846200AD5B5C /* ANAboutViewController.m in Sources */ = {isa = PBXBuildFile; fileRef = 00B98CE71C33846200AD5B5C /* ANAboutViewController.m */; };
		00B98D071C33846200AD5B5C /* ANAboutViewController.xib in Resources */ = {isa = PBXBuildFile; fileRef = 00B98CE81C33846200AD5B5C /* ANAboutViewController.xib */; };
		00B98D091C33846200AD5B5C /* ANSettingTableViewController.m in Sources */ = {isa = PBXBuildFile; fileRef = 00B98CFC1C33846200AD5B5C /* ANSettingTableViewController.m */; };
		00B98D0A1C33846200AD5B5C /* ANSettingTableViewController.xib in Resources */ = {isa = PBXBuildFile; fileRef = 00B98CFD1C33846200AD5B5C /* ANSettingTableViewController.xib */; };
		00B98D0D1C33848000AD5B5C /* ANLeftTableViewController.m in Sources */ = {isa = PBXBuildFile; fileRef = 00B98D0C1C33848000AD5B5C /* ANLeftTableViewController.m */; };
		00B98D151C33B0AF00AD5B5C /* ANRightTableViewCell.m in Sources */ = {isa = PBXBuildFile; fileRef = 00B98D141C33B0AF00AD5B5C /* ANRightTableViewCell.m */; };
		00B98D1E1C33C07800AD5B5C /* ANOffLineTool.m in Sources */ = {isa = PBXBuildFile; fileRef = 00B98D1D1C33C07800AD5B5C /* ANOffLineTool.m */; };
		00B98D841C33E79700AD5B5C /* libsqlite3.0.dylib in Frameworks */ = {isa = PBXBuildFile; fileRef = 00B98D831C33E79700AD5B5C /* libsqlite3.0.dylib */; };
		00B98D911C33EB2800AD5B5C /* FMDatabase.m in Sources */ = {isa = PBXBuildFile; fileRef = 00B98D871C33EB2800AD5B5C /* FMDatabase.m */; };
		00B98D921C33EB2800AD5B5C /* FMDatabaseAdditions.m in Sources */ = {isa = PBXBuildFile; fileRef = 00B98D891C33EB2800AD5B5C /* FMDatabaseAdditions.m */; };
		00B98D931C33EB2800AD5B5C /* FMDatabasePool.m in Sources */ = {isa = PBXBuildFile; fileRef = 00B98D8B1C33EB2800AD5B5C /* FMDatabasePool.m */; };
		00B98D941C33EB2800AD5B5C /* FMDatabaseQueue.m in Sources */ = {isa = PBXBuildFile; fileRef = 00B98D8D1C33EB2800AD5B5C /* FMDatabaseQueue.m */; };
		00B98D951C33EB2800AD5B5C /* FMResultSet.m in Sources */ = {isa = PBXBuildFile; fileRef = 00B98D901C33EB2800AD5B5C /* FMResultSet.m */; };
		00B98D981C34035600AD5B5C /* ANBasicM.m in Sources */ = {isa = PBXBuildFile; fileRef = 00B98D971C34035600AD5B5C /* ANBasicM.m */; };
		00B98D9B1C341DD400AD5B5C /* ANConst.m in Sources */ = {isa = PBXBuildFile; fileRef = 00B98D9A1C341DD400AD5B5C /* ANConst.m */; };
		00B98DA11C343C0B00AD5B5C /* ANStatusM.m in Sources */ = {isa = PBXBuildFile; fileRef = 00B98DA01C343C0B00AD5B5C /* ANStatusM.m */; };
		00B98DAC1C3527DE00AD5B5C /* ANTopView.m in Sources */ = {isa = PBXBuildFile; fileRef = 00B98DAB1C3527DE00AD5B5C /* ANTopView.m */; };
		00B98DAE1C3527EE00AD5B5C /* ANTopView.xib in Resources */ = {isa = PBXBuildFile; fileRef = 00B98DAD1C3527ED00AD5B5C /* ANTopView.xib */; };
		00B98DB21C38280200AD5B5C /* CoreImage.framework in Frameworks */ = {isa = PBXBuildFile; fileRef = 00B98DB11C38280200AD5B5C /* CoreImage.framework */; };
		00ED1C071C2EDCA500813F30 /* UIBarButtonItem+Extension.m in Sources */ = {isa = PBXBuildFile; fileRef = 00ED1C061C2EDCA500813F30 /* UIBarButtonItem+Extension.m */; };
/* End PBXBuildFile section */

/* Begin PBXContainerItemProxy section */
		0022153B1C2CE63900E665F6 /* PBXContainerItemProxy */ = {
			isa = PBXContainerItemProxy;
			containerPortal = 002215161C2CE63900E665F6 /* Project object */;
			proxyType = 1;
			remoteGlobalIDString = 0022151D1C2CE63900E665F6;
			remoteInfo = ANWeather;
		};
/* End PBXContainerItemProxy section */

/* Begin PBXFileReference section */
		0022151E1C2CE63900E665F6 /* ANWeather.app */ = {isa = PBXFileReference; explicitFileType = wrapper.application; includeInIndex = 0; path = ANWeather.app; sourceTree = BUILT_PRODUCTS_DIR; };
		002215221C2CE63900E665F6 /* Info.plist */ = {isa = PBXFileReference; lastKnownFileType = text.plist.xml; path = Info.plist; sourceTree = "<group>"; };
		002215291C2CE63900E665F6 /* ANWeather.xcdatamodel */ = {isa = PBXFileReference; lastKnownFileType = wrapper.xcdatamodel; path = ANWeather.xcdatamodel; sourceTree = "<group>"; };
		0022152F1C2CE63900E665F6 /* Base */ = {isa = PBXFileReference; lastKnownFileType = file.storyboard; name = Base; path = Base.lproj/Main.storyboard; sourceTree = "<group>"; };
		002215311C2CE63900E665F6 /* Images.xcassets */ = {isa = PBXFileReference; lastKnownFileType = folder.assetcatalog; path = Images.xcassets; sourceTree = "<group>"; };
		002215341C2CE63900E665F6 /* Base */ = {isa = PBXFileReference; lastKnownFileType = file.xib; name = Base; path = Base.lproj/LaunchScreen.xib; sourceTree = "<group>"; };
		0022153A1C2CE63900E665F6 /* ANWeatherTests.xctest */ = {isa = PBXFileReference; explicitFileType = wrapper.cfbundle; includeInIndex = 0; path = ANWeatherTests.xctest; sourceTree = BUILT_PRODUCTS_DIR; };
		0022153F1C2CE63900E665F6 /* Info.plist */ = {isa = PBXFileReference; lastKnownFileType = text.plist.xml; path = Info.plist; sourceTree = "<group>"; };
		002215401C2CE63900E665F6 /* ANWeatherTests.m */ = {isa = PBXFileReference; lastKnownFileType = sourcecode.c.objc; path = ANWeatherTests.m; sourceTree = "<group>"; };
		002215681C2CE70800E665F6 /* PrefixHeader.pch */ = {isa = PBXFileReference; lastKnownFileType = sourcecode.c.h; path = PrefixHeader.pch; sourceTree = "<group>"; };
		002215BE1C2CE8CE00E665F6 /* Foundation+Log.m */ = {isa = PBXFileReference; fileEncoding = 4; lastKnownFileType = sourcecode.c.objc; name = "Foundation+Log.m"; path = "ANWeather/Category/Foundation+Log.m"; sourceTree = "<group>"; };
		002215BF1C2CE8CE00E665F6 /* UIView+Extension.h */ = {isa = PBXFileReference; fileEncoding = 4; lastKnownFileType = sourcecode.c.h; name = "UIView+Extension.h"; path = "ANWeather/Category/UIView+Extension.h"; sourceTree = "<group>"; };
		002215C01C2CE8CE00E665F6 /* UIView+Extension.m */ = {isa = PBXFileReference; fileEncoding = 4; lastKnownFileType = sourcecode.c.objc; name = "UIView+Extension.m"; path = "ANWeather/Category/UIView+Extension.m"; sourceTree = "<group>"; };
		002215C41C2CE8E500E665F6 /* AFHTTPRequestOperation.h */ = {isa = PBXFileReference; fileEncoding = 4; lastKnownFileType = sourcecode.c.h; path = AFHTTPRequestOperation.h; sourceTree = "<group>"; };
		002215C51C2CE8E500E665F6 /* AFHTTPRequestOperation.m */ = {isa = PBXFileReference; fileEncoding = 4; lastKnownFileType = sourcecode.c.objc; path = AFHTTPRequestOperation.m; sourceTree = "<group>"; };
		002215C61C2CE8E500E665F6 /* AFHTTPRequestOperationManager.h */ = {isa = PBXFileReference; fileEncoding = 4; lastKnownFileType = sourcecode.c.h; path = AFHTTPRequestOperationManager.h; sourceTree = "<group>"; };
		002215C71C2CE8E500E665F6 /* AFHTTPRequestOperationManager.m */ = {isa = PBXFileReference; fileEncoding = 4; lastKnownFileType = sourcecode.c.objc; path = AFHTTPRequestOperationManager.m; sourceTree = "<group>"; };
		002215C81C2CE8E500E665F6 /* AFHTTPSessionManager.h */ = {isa = PBXFileReference; fileEncoding = 4; lastKnownFileType = sourcecode.c.h; path = AFHTTPSessionManager.h; sourceTree = "<group>"; };
		002215C91C2CE8E500E665F6 /* AFHTTPSessionManager.m */ = {isa = PBXFileReference; fileEncoding = 4; lastKnownFileType = sourcecode.c.objc; path = AFHTTPSessionManager.m; sourceTree = "<group>"; };
		002215CA1C2CE8E500E665F6 /* AFNetworking.h */ = {isa = PBXFileReference; fileEncoding = 4; lastKnownFileType = sourcecode.c.h; path = AFNetworking.h; sourceTree = "<group>"; };
		002215CB1C2CE8E500E665F6 /* AFNetworkReachabilityManager.h */ = {isa = PBXFileReference; fileEncoding = 4; lastKnownFileType = sourcecode.c.h; path = AFNetworkReachabilityManager.h; sourceTree = "<group>"; };
		002215CC1C2CE8E500E665F6 /* AFNetworkReachabilityManager.m */ = {isa = PBXFileReference; fileEncoding = 4; lastKnownFileType = sourcecode.c.objc; path = AFNetworkReachabilityManager.m; sourceTree = "<group>"; };
		002215CD1C2CE8E500E665F6 /* AFSecurityPolicy.h */ = {isa = PBXFileReference; fileEncoding = 4; lastKnownFileType = sourcecode.c.h; path = AFSecurityPolicy.h; sourceTree = "<group>"; };
		002215CE1C2CE8E500E665F6 /* AFSecurityPolicy.m */ = {isa = PBXFileReference; fileEncoding = 4; lastKnownFileType = sourcecode.c.objc; path = AFSecurityPolicy.m; sourceTree = "<group>"; };
		002215CF1C2CE8E500E665F6 /* AFURLConnectionOperation.h */ = {isa = PBXFileReference; fileEncoding = 4; lastKnownFileType = sourcecode.c.h; path = AFURLConnectionOperation.h; sourceTree = "<group>"; };
		002215D01C2CE8E500E665F6 /* AFURLConnectionOperation.m */ = {isa = PBXFileReference; fileEncoding = 4; lastKnownFileType = sourcecode.c.objc; path = AFURLConnectionOperation.m; sourceTree = "<group>"; };
		002215D11C2CE8E500E665F6 /* AFURLRequestSerialization.h */ = {isa = PBXFileReference; fileEncoding = 4; lastKnownFileType = sourcecode.c.h; path = AFURLRequestSerialization.h; sourceTree = "<group>"; };
		002215D21C2CE8E500E665F6 /* AFURLRequestSerialization.m */ = {isa = PBXFileReference; fileEncoding = 4; lastKnownFileType = sourcecode.c.objc; path = AFURLRequestSerialization.m; sourceTree = "<group>"; };
		002215D31C2CE8E500E665F6 /* AFURLResponseSerialization.h */ = {isa = PBXFileReference; fileEncoding = 4; lastKnownFileType = sourcecode.c.h; path = AFURLResponseSerialization.h; sourceTree = "<group>"; };
		002215D41C2CE8E500E665F6 /* AFURLResponseSerialization.m */ = {isa = PBXFileReference; fileEncoding = 4; lastKnownFileType = sourcecode.c.objc; path = AFURLResponseSerialization.m; sourceTree = "<group>"; };
		002215D51C2CE8E500E665F6 /* AFURLSessionManager.h */ = {isa = PBXFileReference; fileEncoding = 4; lastKnownFileType = sourcecode.c.h; path = AFURLSessionManager.h; sourceTree = "<group>"; };
		002215D61C2CE8E500E665F6 /* AFURLSessionManager.m */ = {isa = PBXFileReference; fileEncoding = 4; lastKnownFileType = sourcecode.c.objc; path = AFURLSessionManager.m; sourceTree = "<group>"; };
		002215D81C2CE8E500E665F6 /* MJDictionaryCache.h */ = {isa = PBXFileReference; fileEncoding = 4; lastKnownFileType = sourcecode.c.h; path = MJDictionaryCache.h; sourceTree = "<group>"; };
		002215D91C2CE8E500E665F6 /* MJDictionaryCache.m */ = {isa = PBXFileReference; fileEncoding = 4; lastKnownFileType = sourcecode.c.objc; path = MJDictionaryCache.m; sourceTree = "<group>"; };
		002215DA1C2CE8E500E665F6 /* MJExtension.h */ = {isa = PBXFileReference; fileEncoding = 4; lastKnownFileType = sourcecode.c.h; path = MJExtension.h; sourceTree = "<group>"; };
		002215DB1C2CE8E500E665F6 /* MJExtensionConst.h */ = {isa = PBXFileReference; fileEncoding = 4; lastKnownFileType = sourcecode.c.h; path = MJExtensionConst.h; sourceTree = "<group>"; };
		002215DC1C2CE8E500E665F6 /* MJExtensionConst.m */ = {isa = PBXFileReference; fileEncoding = 4; lastKnownFileType = sourcecode.c.objc; path = MJExtensionConst.m; sourceTree = "<group>"; };
		002215DD1C2CE8E500E665F6 /* MJFoundation.h */ = {isa = PBXFileReference; fileEncoding = 4; lastKnownFileType = sourcecode.c.h; path = MJFoundation.h; sourceTree = "<group>"; };
		002215DE1C2CE8E500E665F6 /* MJFoundation.m */ = {isa = PBXFileReference; fileEncoding = 4; lastKnownFileType = sourcecode.c.objc; path = MJFoundation.m; sourceTree = "<group>"; };
		002215DF1C2CE8E500E665F6 /* MJProperty.h */ = {isa = PBXFileReference; fileEncoding = 4; lastKnownFileType = sourcecode.c.h; path = MJProperty.h; sourceTree = "<group>"; };
		002215E01C2CE8E500E665F6 /* MJProperty.m */ = {isa = PBXFileReference; fileEncoding = 4; lastKnownFileType = sourcecode.c.objc; path = MJProperty.m; sourceTree = "<group>"; };
		002215E11C2CE8E500E665F6 /* MJPropertyKey.h */ = {isa = PBXFileReference; fileEncoding = 4; lastKnownFileType = sourcecode.c.h; path = MJPropertyKey.h; sourceTree = "<group>"; };
		002215E21C2CE8E500E665F6 /* MJPropertyKey.m */ = {isa = PBXFileReference; fileEncoding = 4; lastKnownFileType = sourcecode.c.objc; path = MJPropertyKey.m; sourceTree = "<group>"; };
		002215E31C2CE8E500E665F6 /* MJPropertyType.h */ = {isa = PBXFileReference; fileEncoding = 4; lastKnownFileType = sourcecode.c.h; path = MJPropertyType.h; sourceTree = "<group>"; };
		002215E41C2CE8E500E665F6 /* MJPropertyType.m */ = {isa = PBXFileReference; fileEncoding = 4; lastKnownFileType = sourcecode.c.objc; path = MJPropertyType.m; sourceTree = "<group>"; };
		002215E51C2CE8E500E665F6 /* NSObject+MJClass.h */ = {isa = PBXFileReference; fileEncoding = 4; lastKnownFileType = sourcecode.c.h; path = "NSObject+MJClass.h"; sourceTree = "<group>"; };
		002215E61C2CE8E500E665F6 /* NSObject+MJClass.m */ = {isa = PBXFileReference; fileEncoding = 4; lastKnownFileType = sourcecode.c.objc; path = "NSObject+MJClass.m"; sourceTree = "<group>"; };
		002215E71C2CE8E500E665F6 /* NSObject+MJCoding.h */ = {isa = PBXFileReference; fileEncoding = 4; lastKnownFileType = sourcecode.c.h; path = "NSObject+MJCoding.h"; sourceTree = "<group>"; };
		002215E81C2CE8E500E665F6 /* NSObject+MJCoding.m */ = {isa = PBXFileReference; fileEncoding = 4; lastKnownFileType = sourcecode.c.objc; path = "NSObject+MJCoding.m"; sourceTree = "<group>"; };
		002215E91C2CE8E500E665F6 /* NSObject+MJKeyValue.h */ = {isa = PBXFileReference; fileEncoding = 4; lastKnownFileType = sourcecode.c.h; path = "NSObject+MJKeyValue.h"; sourceTree = "<group>"; };
		002215EA1C2CE8E500E665F6 /* NSObject+MJKeyValue.m */ = {isa = PBXFileReference; fileEncoding = 4; lastKnownFileType = sourcecode.c.objc; path = "NSObject+MJKeyValue.m"; sourceTree = "<group>"; };
		002215EB1C2CE8E500E665F6 /* NSObject+MJProperty.h */ = {isa = PBXFileReference; fileEncoding = 4; lastKnownFileType = sourcecode.c.h; path = "NSObject+MJProperty.h"; sourceTree = "<group>"; };
		002215EC1C2CE8E500E665F6 /* NSObject+MJProperty.m */ = {isa = PBXFileReference; fileEncoding = 4; lastKnownFileType = sourcecode.c.objc; path = "NSObject+MJProperty.m"; sourceTree = "<group>"; };
		002215ED1C2CE8E500E665F6 /* NSString+MJExtension.h */ = {isa = PBXFileReference; fileEncoding = 4; lastKnownFileType = sourcecode.c.h; path = "NSString+MJExtension.h"; sourceTree = "<group>"; };
		002215EE1C2CE8E500E665F6 /* NSString+MJExtension.m */ = {isa = PBXFileReference; fileEncoding = 4; lastKnownFileType = sourcecode.c.objc; path = "NSString+MJExtension.m"; sourceTree = "<group>"; };
		002216031C2CE8F800E665F6 /* AppDelegate.h */ = {isa = PBXFileReference; fileEncoding = 4; lastKnownFileType = sourcecode.c.h; name = AppDelegate.h; path = ANWeather/Main/AppDelegate.h; sourceTree = "<group>"; };
		002216041C2CE8F800E665F6 /* AppDelegate.m */ = {isa = PBXFileReference; fileEncoding = 4; lastKnownFileType = sourcecode.c.objc; name = AppDelegate.m; path = ANWeather/Main/AppDelegate.m; sourceTree = "<group>"; };
		002216051C2CE8F800E665F6 /* main.m */ = {isa = PBXFileReference; fileEncoding = 4; lastKnownFileType = sourcecode.c.objc; name = main.m; path = ANWeather/Main/main.m; sourceTree = "<group>"; };
		003C97E31C327FFD00160D91 /* MJRefreshAutoFooter.h */ = {isa = PBXFileReference; fileEncoding = 4; lastKnownFileType = sourcecode.c.h; path = MJRefreshAutoFooter.h; sourceTree = "<group>"; };
		003C97E41C327FFD00160D91 /* MJRefreshAutoFooter.m */ = {isa = PBXFileReference; fileEncoding = 4; lastKnownFileType = sourcecode.c.objc; path = MJRefreshAutoFooter.m; sourceTree = "<group>"; };
		003C97E51C327FFD00160D91 /* MJRefreshBackFooter.h */ = {isa = PBXFileReference; fileEncoding = 4; lastKnownFileType = sourcecode.c.h; path = MJRefreshBackFooter.h; sourceTree = "<group>"; };
		003C97E61C327FFD00160D91 /* MJRefreshBackFooter.m */ = {isa = PBXFileReference; fileEncoding = 4; lastKnownFileType = sourcecode.c.objc; path = MJRefreshBackFooter.m; sourceTree = "<group>"; };
		003C97E71C327FFD00160D91 /* MJRefreshComponent.h */ = {isa = PBXFileReference; fileEncoding = 4; lastKnownFileType = sourcecode.c.h; path = MJRefreshComponent.h; sourceTree = "<group>"; };
		003C97E81C327FFD00160D91 /* MJRefreshComponent.m */ = {isa = PBXFileReference; fileEncoding = 4; lastKnownFileType = sourcecode.c.objc; path = MJRefreshComponent.m; sourceTree = "<group>"; };
		003C97E91C327FFD00160D91 /* MJRefreshFooter.h */ = {isa = PBXFileReference; fileEncoding = 4; lastKnownFileType = sourcecode.c.h; path = MJRefreshFooter.h; sourceTree = "<group>"; };
		003C97EA1C327FFD00160D91 /* MJRefreshFooter.m */ = {isa = PBXFileReference; fileEncoding = 4; lastKnownFileType = sourcecode.c.objc; path = MJRefreshFooter.m; sourceTree = "<group>"; };
		003C97EB1C327FFD00160D91 /* MJRefreshHeader.h */ = {isa = PBXFileReference; fileEncoding = 4; lastKnownFileType = sourcecode.c.h; path = MJRefreshHeader.h; sourceTree = "<group>"; };
		003C97EC1C327FFD00160D91 /* MJRefreshHeader.m */ = {isa = PBXFileReference; fileEncoding = 4; lastKnownFileType = sourcecode.c.objc; path = MJRefreshHeader.m; sourceTree = "<group>"; };
		003C97F01C327FFD00160D91 /* MJRefreshAutoGifFooter.h */ = {isa = PBXFileReference; fileEncoding = 4; lastKnownFileType = sourcecode.c.h; path = MJRefreshAutoGifFooter.h; sourceTree = "<group>"; };
		003C97F11C327FFD00160D91 /* MJRefreshAutoGifFooter.m */ = {isa = PBXFileReference; fileEncoding = 4; lastKnownFileType = sourcecode.c.objc; path = MJRefreshAutoGifFooter.m; sourceTree = "<group>"; };
		003C97F21C327FFD00160D91 /* MJRefreshAutoNormalFooter.h */ = {isa = PBXFileReference; fileEncoding = 4; lastKnownFileType = sourcecode.c.h; path = MJRefreshAutoNormalFooter.h; sourceTree = "<group>"; };
		003C97F31C327FFD00160D91 /* MJRefreshAutoNormalFooter.m */ = {isa = PBXFileReference; fileEncoding = 4; lastKnownFileType = sourcecode.c.objc; path = MJRefreshAutoNormalFooter.m; sourceTree = "<group>"; };
		003C97F41C327FFD00160D91 /* MJRefreshAutoStateFooter.h */ = {isa = PBXFileReference; fileEncoding = 4; lastKnownFileType = sourcecode.c.h; path = MJRefreshAutoStateFooter.h; sourceTree = "<group>"; };
		003C97F51C327FFD00160D91 /* MJRefreshAutoStateFooter.m */ = {isa = PBXFileReference; fileEncoding = 4; lastKnownFileType = sourcecode.c.objc; path = MJRefreshAutoStateFooter.m; sourceTree = "<group>"; };
		003C97F71C327FFD00160D91 /* MJRefreshBackGifFooter.h */ = {isa = PBXFileReference; fileEncoding = 4; lastKnownFileType = sourcecode.c.h; path = MJRefreshBackGifFooter.h; sourceTree = "<group>"; };
		003C97F81C327FFD00160D91 /* MJRefreshBackGifFooter.m */ = {isa = PBXFileReference; fileEncoding = 4; lastKnownFileType = sourcecode.c.objc; path = MJRefreshBackGifFooter.m; sourceTree = "<group>"; };
		003C97F91C327FFD00160D91 /* MJRefreshBackNormalFooter.h */ = {isa = PBXFileReference; fileEncoding = 4; lastKnownFileType = sourcecode.c.h; path = MJRefreshBackNormalFooter.h; sourceTree = "<group>"; };
		003C97FA1C327FFD00160D91 /* MJRefreshBackNormalFooter.m */ = {isa = PBXFileReference; fileEncoding = 4; lastKnownFileType = sourcecode.c.objc; path = MJRefreshBackNormalFooter.m; sourceTree = "<group>"; };
		003C97FB1C327FFD00160D91 /* MJRefreshBackStateFooter.h */ = {isa = PBXFileReference; fileEncoding = 4; lastKnownFileType = sourcecode.c.h; path = MJRefreshBackStateFooter.h; sourceTree = "<group>"; };
		003C97FC1C327FFD00160D91 /* MJRefreshBackStateFooter.m */ = {isa = PBXFileReference; fileEncoding = 4; lastKnownFileType = sourcecode.c.objc; path = MJRefreshBackStateFooter.m; sourceTree = "<group>"; };
		003C97FE1C327FFD00160D91 /* MJRefreshGifHeader.h */ = {isa = PBXFileReference; fileEncoding = 4; lastKnownFileType = sourcecode.c.h; path = MJRefreshGifHeader.h; sourceTree = "<group>"; };
		003C97FF1C327FFD00160D91 /* MJRefreshGifHeader.m */ = {isa = PBXFileReference; fileEncoding = 4; lastKnownFileType = sourcecode.c.objc; path = MJRefreshGifHeader.m; sourceTree = "<group>"; };
		003C98001C327FFD00160D91 /* MJRefreshNormalHeader.h */ = {isa = PBXFileReference; fileEncoding = 4; lastKnownFileType = sourcecode.c.h; path = MJRefreshNormalHeader.h; sourceTree = "<group>"; };
		003C98011C327FFD00160D91 /* MJRefreshNormalHeader.m */ = {isa = PBXFileReference; fileEncoding = 4; lastKnownFileType = sourcecode.c.objc; path = MJRefreshNormalHeader.m; sourceTree = "<group>"; };
		003C98021C327FFD00160D91 /* MJRefreshStateHeader.h */ = {isa = PBXFileReference; fileEncoding = 4; lastKnownFileType = sourcecode.c.h; path = MJRefreshStateHeader.h; sourceTree = "<group>"; };
		003C98031C327FFD00160D91 /* MJRefreshStateHeader.m */ = {isa = PBXFileReference; fileEncoding = 4; lastKnownFileType = sourcecode.c.objc; path = MJRefreshStateHeader.m; sourceTree = "<group>"; };
		003C98041C327FFD00160D91 /* MJRefresh.bundle */ = {isa = PBXFileReference; lastKnownFileType = "wrapper.plug-in"; path = MJRefresh.bundle; sourceTree = "<group>"; };
		003C98051C327FFD00160D91 /* MJRefresh.h */ = {isa = PBXFileReference; fileEncoding = 4; lastKnownFileType = sourcecode.c.h; path = MJRefresh.h; sourceTree = "<group>"; };
		003C98061C327FFD00160D91 /* MJRefreshConst.h */ = {isa = PBXFileReference; fileEncoding = 4; lastKnownFileType = sourcecode.c.h; path = MJRefreshConst.h; sourceTree = "<group>"; };
		003C98071C327FFD00160D91 /* MJRefreshConst.m */ = {isa = PBXFileReference; fileEncoding = 4; lastKnownFileType = sourcecode.c.objc; path = MJRefreshConst.m; sourceTree = "<group>"; };
		003C98081C327FFD00160D91 /* UIScrollView+MJExtension.h */ = {isa = PBXFileReference; fileEncoding = 4; lastKnownFileType = sourcecode.c.h; path = "UIScrollView+MJExtension.h"; sourceTree = "<group>"; };
		003C98091C327FFD00160D91 /* UIScrollView+MJExtension.m */ = {isa = PBXFileReference; fileEncoding = 4; lastKnownFileType = sourcecode.c.objc; path = "UIScrollView+MJExtension.m"; sourceTree = "<group>"; };
		003C980A1C327FFD00160D91 /* UIScrollView+MJRefresh.h */ = {isa = PBXFileReference; fileEncoding = 4; lastKnownFileType = sourcecode.c.h; path = "UIScrollView+MJRefresh.h"; sourceTree = "<group>"; };
		003C980B1C327FFD00160D91 /* UIScrollView+MJRefresh.m */ = {isa = PBXFileReference; fileEncoding = 4; lastKnownFileType = sourcecode.c.objc; path = "UIScrollView+MJRefresh.m"; sourceTree = "<group>"; };
		003C980C1C327FFD00160D91 /* UIView+MJExtension.h */ = {isa = PBXFileReference; fileEncoding = 4; lastKnownFileType = sourcecode.c.h; path = "UIView+MJExtension.h"; sourceTree = "<group>"; };
		003C980D1C327FFD00160D91 /* UIView+MJExtension.m */ = {isa = PBXFileReference; fileEncoding = 4; lastKnownFileType = sourcecode.c.objc; path = "UIView+MJExtension.m"; sourceTree = "<group>"; };
		003C982B1C32B2AC00160D91 /* UINavigationBar+BackgroundColor.h */ = {isa = PBXFileReference; fileEncoding = 4; lastKnownFileType = sourcecode.c.h; path = "UINavigationBar+BackgroundColor.h"; sourceTree = "<group>"; };
		003C982C1C32B2AC00160D91 /* UINavigationBar+BackgroundColor.m */ = {isa = PBXFileReference; fileEncoding = 4; lastKnownFileType = sourcecode.c.objc; path = "UINavigationBar+BackgroundColor.m"; sourceTree = "<group>"; };
		003C98471C32BA3A00160D91 /* ANRightTableViewController.h */ = {isa = PBXFileReference; fileEncoding = 4; lastKnownFileType = sourcecode.c.h; path = ANRightTableViewController.h; sourceTree = "<group>"; };
		003C98481C32BA3A00160D91 /* ANRightTableViewController.m */ = {isa = PBXFileReference; fileEncoding = 4; lastKnownFileType = sourcecode.c.objc; path = ANRightTableViewController.m; sourceTree = "<group>"; };
		009033BC1C2E2F46001FFED3 /* MBProgressHUD+MJ.h */ = {isa = PBXFileReference; fileEncoding = 4; lastKnownFileType = sourcecode.c.h; path = "MBProgressHUD+MJ.h"; sourceTree = "<group>"; };
		009033BD1C2E2F46001FFED3 /* MBProgressHUD+MJ.m */ = {isa = PBXFileReference; fileEncoding = 4; lastKnownFileType = sourcecode.c.objc; path = "MBProgressHUD+MJ.m"; sourceTree = "<group>"; };
		009033BE1C2E2F46001FFED3 /* MBProgressHUD.bundle */ = {isa = PBXFileReference; lastKnownFileType = "wrapper.plug-in"; path = MBProgressHUD.bundle; sourceTree = "<group>"; };
		009033BF1C2E2F46001FFED3 /* MBProgressHUD.h */ = {isa = PBXFileReference; fileEncoding = 4; lastKnownFileType = sourcecode.c.h; path = MBProgressHUD.h; sourceTree = "<group>"; };
		009033C01C2E2F46001FFED3 /* MBProgressHUD.m */ = {isa = PBXFileReference; fileEncoding = 4; lastKnownFileType = sourcecode.c.objc; path = MBProgressHUD.m; sourceTree = "<group>"; };
		009033C51C2E2F53001FFED3 /* RECommonFunctions.h */ = {isa = PBXFileReference; fileEncoding = 4; lastKnownFileType = sourcecode.c.h; path = RECommonFunctions.h; sourceTree = "<group>"; };
		009033C61C2E2F53001FFED3 /* RECommonFunctions.m */ = {isa = PBXFileReference; fileEncoding = 4; lastKnownFileType = sourcecode.c.objc; path = RECommonFunctions.m; sourceTree = "<group>"; };
		009033C71C2E2F53001FFED3 /* RESideMenu.h */ = {isa = PBXFileReference; fileEncoding = 4; lastKnownFileType = sourcecode.c.h; path = RESideMenu.h; sourceTree = "<group>"; };
		009033C81C2E2F53001FFED3 /* RESideMenu.m */ = {isa = PBXFileReference; fileEncoding = 4; lastKnownFileType = sourcecode.c.objc; path = RESideMenu.m; sourceTree = "<group>"; };
		009033C91C2E2F53001FFED3 /* UIViewController+RESideMenu.h */ = {isa = PBXFileReference; fileEncoding = 4; lastKnownFileType = sourcecode.c.h; path = "UIViewController+RESideMenu.h"; sourceTree = "<group>"; };
		009033CA1C2E2F53001FFED3 /* UIViewController+RESideMenu.m */ = {isa = PBXFileReference; fileEncoding = 4; lastKnownFileType = sourcecode.c.objc; path = "UIViewController+RESideMenu.m"; sourceTree = "<group>"; };
		009033D51C2E2FA3001FFED3 /* ViewController.h */ = {isa = PBXFileReference; fileEncoding = 4; lastKnownFileType = sourcecode.c.h; path = ViewController.h; sourceTree = "<group>"; };
		009033D61C2E2FA3001FFED3 /* ViewController.m */ = {isa = PBXFileReference; fileEncoding = 4; lastKnownFileType = sourcecode.c.objc; path = ViewController.m; sourceTree = "<group>"; };
		009033D81C2E2FA3001FFED3 /* ANAqiM.h */ = {isa = PBXFileReference; fileEncoding = 4; lastKnownFileType = sourcecode.c.h; path = ANAqiM.h; sourceTree = "<group>"; };
		009033D91C2E2FA3001FFED3 /* ANAqiM.m */ = {isa = PBXFileReference; fileEncoding = 4; lastKnownFileType = sourcecode.c.objc; path = ANAqiM.m; sourceTree = "<group>"; };
		009033DA1C2E2FA3001FFED3 /* ANCity.h */ = {isa = PBXFileReference; fileEncoding = 4; lastKnownFileType = sourcecode.c.h; path = ANCity.h; sourceTree = "<group>"; };
		009033DB1C2E2FA3001FFED3 /* ANCity.m */ = {isa = PBXFileReference; fileEncoding = 4; lastKnownFileType = sourcecode.c.objc; path = ANCity.m; sourceTree = "<group>"; };
		009033DC1C2E2FA3001FFED3 /* ANCondM.h */ = {isa = PBXFileReference; fileEncoding = 4; lastKnownFileType = sourcecode.c.h; path = ANCondM.h; sourceTree = "<group>"; };
		009033DD1C2E2FA3001FFED3 /* ANCondM.m */ = {isa = PBXFileReference; fileEncoding = 4; lastKnownFileType = sourcecode.c.objc; path = ANCondM.m; sourceTree = "<group>"; };
		009033DE1C2E2FA3001FFED3 /* ANDailyForecastM.h */ = {isa = PBXFileReference; fileEncoding = 4; lastKnownFileType = sourcecode.c.h; path = ANDailyForecastM.h; sourceTree = "<group>"; };
		009033DF1C2E2FA3001FFED3 /* ANDailyForecastM.m */ = {isa = PBXFileReference; fileEncoding = 4; lastKnownFileType = sourcecode.c.objc; path = ANDailyForecastM.m; sourceTree = "<group>"; };
		009033E01C2E2FA3001FFED3 /* ANNowM.h */ = {isa = PBXFileReference; fileEncoding = 4; lastKnownFileType = sourcecode.c.h; path = ANNowM.h; sourceTree = "<group>"; };
		009033E11C2E2FA3001FFED3 /* ANNowM.m */ = {isa = PBXFileReference; fileEncoding = 4; lastKnownFileType = sourcecode.c.objc; path = ANNowM.m; sourceTree = "<group>"; };
		009033E21C2E2FA3001FFED3 /* ANTemM.h */ = {isa = PBXFileReference; fileEncoding = 4; lastKnownFileType = sourcecode.c.h; path = ANTemM.h; sourceTree = "<group>"; };
		009033E31C2E2FA3001FFED3 /* ANTemM.m */ = {isa = PBXFileReference; fileEncoding = 4; lastKnownFileType = sourcecode.c.objc; path = ANTemM.m; sourceTree = "<group>"; };
		009033E41C2E2FA3001FFED3 /* ANWeatherData.h */ = {isa = PBXFileReference; fileEncoding = 4; lastKnownFileType = sourcecode.c.h; path = ANWeatherData.h; sourceTree = "<group>"; };
		009033E51C2E2FA3001FFED3 /* ANWeatherData.m */ = {isa = PBXFileReference; fileEncoding = 4; lastKnownFileType = sourcecode.c.objc; path = ANWeatherData.m; sourceTree = "<group>"; };
		009033E61C2E2FA3001FFED3 /* ANWindM.h */ = {isa = PBXFileReference; fileEncoding = 4; lastKnownFileType = sourcecode.c.h; path = ANWindM.h; sourceTree = "<group>"; };
		009033E71C2E2FA3001FFED3 /* ANWindM.m */ = {isa = PBXFileReference; fileEncoding = 4; lastKnownFileType = sourcecode.c.objc; path = ANWindM.m; sourceTree = "<group>"; };
		009033E91C2E2FA3001FFED3 /* ANPM25ItemView.h */ = {isa = PBXFileReference; fileEncoding = 4; lastKnownFileType = sourcecode.c.h; path = ANPM25ItemView.h; sourceTree = "<group>"; };
		009033EA1C2E2FA3001FFED3 /* ANPM25ItemView.m */ = {isa = PBXFileReference; fileEncoding = 4; lastKnownFileType = sourcecode.c.objc; path = ANPM25ItemView.m; sourceTree = "<group>"; };
		009033EB1C2E2FA3001FFED3 /* ANPM25ItemView.xib */ = {isa = PBXFileReference; fileEncoding = 4; lastKnownFileType = file.xib; path = ANPM25ItemView.xib; sourceTree = "<group>"; };
		009033EC1C2E2FA3001FFED3 /* ANTempItemView.h */ = {isa = PBXFileReference; fileEncoding = 4; lastKnownFileType = sourcecode.c.h; path = ANTempItemView.h; sourceTree = "<group>"; };
		009033ED1C2E2FA3001FFED3 /* ANTempItemView.m */ = {isa = PBXFileReference; fileEncoding = 4; lastKnownFileType = sourcecode.c.objc; path = ANTempItemView.m; sourceTree = "<group>"; };
		009033EF1C2E2FA3001FFED3 /* ANWeatherItemView.h */ = {isa = PBXFileReference; fileEncoding = 4; lastKnownFileType = sourcecode.c.h; path = ANWeatherItemView.h; sourceTree = "<group>"; };
		009033F01C2E2FA3001FFED3 /* ANWeatherItemView.m */ = {isa = PBXFileReference; fileEncoding = 4; lastKnownFileType = sourcecode.c.objc; path = ANWeatherItemView.m; sourceTree = "<group>"; };
		009033F11C2E2FA3001FFED3 /* ANWeatherItemView.xib */ = {isa = PBXFileReference; fileEncoding = 4; lastKnownFileType = file.xib; path = ANWeatherItemView.xib; sourceTree = "<group>"; };
		009033F21C2E2FA3001FFED3 /* ANWeatherView.h */ = {isa = PBXFileReference; fileEncoding = 4; lastKnownFileType = sourcecode.c.h; path = ANWeatherView.h; sourceTree = "<group>"; };
		009033F31C2E2FA3001FFED3 /* ANWeatherView.m */ = {isa = PBXFileReference; fileEncoding = 4; lastKnownFileType = sourcecode.c.objc; path = ANWeatherView.m; sourceTree = "<group>"; };
		009033F41C2E2FA3001FFED3 /* ANWindSpeedItemView.h */ = {isa = PBXFileReference; fileEncoding = 4; lastKnownFileType = sourcecode.c.h; path = ANWindSpeedItemView.h; sourceTree = "<group>"; };
		009033F51C2E2FA3001FFED3 /* ANWindSpeedItemView.m */ = {isa = PBXFileReference; fileEncoding = 4; lastKnownFileType = sourcecode.c.objc; path = ANWindSpeedItemView.m; sourceTree = "<group>"; };
		009033F61C2E2FA3001FFED3 /* ANWindSpeedItemView.xib */ = {isa = PBXFileReference; fileEncoding = 4; lastKnownFileType = file.xib; path = ANWindSpeedItemView.xib; sourceTree = "<group>"; };
		0090340B1C2E341D001FFED3 /* DEMOLeftMenuViewController.h */ = {isa = PBXFileReference; fileEncoding = 4; lastKnownFileType = sourcecode.c.h; name = DEMOLeftMenuViewController.h; path = ../../../DEMOLeftMenuViewController.h; sourceTree = "<group>"; };
		0090340C1C2E341D001FFED3 /* DEMOLeftMenuViewController.m */ = {isa = PBXFileReference; fileEncoding = 4; lastKnownFileType = sourcecode.c.objc; name = DEMOLeftMenuViewController.m; path = ../../../DEMOLeftMenuViewController.m; sourceTree = "<group>"; };
		00934F3A1C311F710042F0D9 /* ANTempItemView.xib */ = {isa = PBXFileReference; fileEncoding = 4; lastKnownFileType = file.xib; path = ANTempItemView.xib; sourceTree = "<group>"; };
		00934F441C315F060042F0D9 /* ANDaysWeatherCell.h */ = {isa = PBXFileReference; fileEncoding = 4; lastKnownFileType = sourcecode.c.h; path = ANDaysWeatherCell.h; sourceTree = "<group>"; };
		00934F451C315F060042F0D9 /* ANDaysWeatherCell.m */ = {isa = PBXFileReference; fileEncoding = 4; lastKnownFileType = sourcecode.c.objc; path = ANDaysWeatherCell.m; sourceTree = "<group>"; };
		00934F461C315F060042F0D9 /* ANDaysWeatherCell.xib */ = {isa = PBXFileReference; fileEncoding = 4; lastKnownFileType = file.xib; path = ANDaysWeatherCell.xib; sourceTree = "<group>"; };
		00B98CE61C33846200AD5B5C /* ANAboutViewController.h */ = {isa = PBXFileReference; fileEncoding = 4; lastKnownFileType = sourcecode.c.h; path = ANAboutViewController.h; sourceTree = "<group>"; };
		00B98CE71C33846200AD5B5C /* ANAboutViewController.m */ = {isa = PBXFileReference; fileEncoding = 4; lastKnownFileType = sourcecode.c.objc; path = ANAboutViewController.m; sourceTree = "<group>"; };
		00B98CE81C33846200AD5B5C /* ANAboutViewController.xib */ = {isa = PBXFileReference; fileEncoding = 4; lastKnownFileType = file.xib; path = ANAboutViewController.xib; sourceTree = "<group>"; };
		00B98CFB1C33846200AD5B5C /* ANSettingTableViewController.h */ = {isa = PBXFileReference; fileEncoding = 4; lastKnownFileType = sourcecode.c.h; path = ANSettingTableViewController.h; sourceTree = "<group>"; };
		00B98CFC1C33846200AD5B5C /* ANSettingTableViewController.m */ = {isa = PBXFileReference; fileEncoding = 4; lastKnownFileType = sourcecode.c.objc; path = ANSettingTableViewController.m; sourceTree = "<group>"; };
		00B98CFD1C33846200AD5B5C /* ANSettingTableViewController.xib */ = {isa = PBXFileReference; fileEncoding = 4; lastKnownFileType = file.xib; path = ANSettingTableViewController.xib; sourceTree = "<group>"; };
		00B98D0B1C33848000AD5B5C /* ANLeftTableViewController.h */ = {isa = PBXFileReference; fileEncoding = 4; lastKnownFileType = sourcecode.c.h; path = ANLeftTableViewController.h; sourceTree = "<group>"; };
		00B98D0C1C33848000AD5B5C /* ANLeftTableViewController.m */ = {isa = PBXFileReference; fileEncoding = 4; lastKnownFileType = sourcecode.c.objc; path = ANLeftTableViewController.m; sourceTree = "<group>"; };
		00B98D131C33B0AF00AD5B5C /* ANRightTableViewCell.h */ = {isa = PBXFileReference; fileEncoding = 4; lastKnownFileType = sourcecode.c.h; path = ANRightTableViewCell.h; sourceTree = "<group>"; };
		00B98D141C33B0AF00AD5B5C /* ANRightTableViewCell.m */ = {isa = PBXFileReference; fileEncoding = 4; lastKnownFileType = sourcecode.c.objc; path = ANRightTableViewCell.m; sourceTree = "<group>"; };
		00B98D1C1C33C07800AD5B5C /* ANOffLineTool.h */ = {isa = PBXFileReference; fileEncoding = 4; lastKnownFileType = sourcecode.c.h; name = ANOffLineTool.h; path = ANWeather/Home/Tool/ANOffLineTool.h; sourceTree = "<group>"; };
		00B98D1D1C33C07800AD5B5C /* ANOffLineTool.m */ = {isa = PBXFileReference; fileEncoding = 4; lastKnownFileType = sourcecode.c.objc; name = ANOffLineTool.m; path = ANWeather/Home/Tool/ANOffLineTool.m; sourceTree = "<group>"; };
		00B98D831C33E79700AD5B5C /* libsqlite3.0.dylib */ = {isa = PBXFileReference; lastKnownFileType = "compiled.mach-o.dylib"; name = libsqlite3.0.dylib; path = usr/lib/libsqlite3.0.dylib; sourceTree = SDKROOT; };
		00B98D861C33EB2800AD5B5C /* FMDatabase.h */ = {isa = PBXFileReference; fileEncoding = 4; lastKnownFileType = sourcecode.c.h; path = FMDatabase.h; sourceTree = "<group>"; };
		00B98D871C33EB2800AD5B5C /* FMDatabase.m */ = {isa = PBXFileReference; fileEncoding = 4; lastKnownFileType = sourcecode.c.objc; path = FMDatabase.m; sourceTree = "<group>"; };
		00B98D881C33EB2800AD5B5C /* FMDatabaseAdditions.h */ = {isa = PBXFileReference; fileEncoding = 4; lastKnownFileType = sourcecode.c.h; path = FMDatabaseAdditions.h; sourceTree = "<group>"; };
		00B98D891C33EB2800AD5B5C /* FMDatabaseAdditions.m */ = {isa = PBXFileReference; fileEncoding = 4; lastKnownFileType = sourcecode.c.objc; path = FMDatabaseAdditions.m; sourceTree = "<group>"; };
		00B98D8A1C33EB2800AD5B5C /* FMDatabasePool.h */ = {isa = PBXFileReference; fileEncoding = 4; lastKnownFileType = sourcecode.c.h; path = FMDatabasePool.h; sourceTree = "<group>"; };
		00B98D8B1C33EB2800AD5B5C /* FMDatabasePool.m */ = {isa = PBXFileReference; fileEncoding = 4; lastKnownFileType = sourcecode.c.objc; path = FMDatabasePool.m; sourceTree = "<group>"; };
		00B98D8C1C33EB2800AD5B5C /* FMDatabaseQueue.h */ = {isa = PBXFileReference; fileEncoding = 4; lastKnownFileType = sourcecode.c.h; path = FMDatabaseQueue.h; sourceTree = "<group>"; };
		00B98D8D1C33EB2800AD5B5C /* FMDatabaseQueue.m */ = {isa = PBXFileReference; fileEncoding = 4; lastKnownFileType = sourcecode.c.objc; path = FMDatabaseQueue.m; sourceTree = "<group>"; };
		00B98D8E1C33EB2800AD5B5C /* FMDB.h */ = {isa = PBXFileReference; fileEncoding = 4; lastKnownFileType = sourcecode.c.h; path = FMDB.h; sourceTree = "<group>"; };
		00B98D8F1C33EB2800AD5B5C /* FMResultSet.h */ = {isa = PBXFileReference; fileEncoding = 4; lastKnownFileType = sourcecode.c.h; path = FMResultSet.h; sourceTree = "<group>"; };
		00B98D901C33EB2800AD5B5C /* FMResultSet.m */ = {isa = PBXFileReference; fileEncoding = 4; lastKnownFileType = sourcecode.c.objc; path = FMResultSet.m; sourceTree = "<group>"; };
		00B98D961C34035600AD5B5C /* ANBasicM.h */ = {isa = PBXFileReference; fileEncoding = 4; lastKnownFileType = sourcecode.c.h; path = ANBasicM.h; sourceTree = "<group>"; };
		00B98D971C34035600AD5B5C /* ANBasicM.m */ = {isa = PBXFileReference; fileEncoding = 4; lastKnownFileType = sourcecode.c.objc; path = ANBasicM.m; sourceTree = "<group>"; };
		00B98D991C341DD400AD5B5C /* ANConst.h */ = {isa = PBXFileReference; fileEncoding = 4; lastKnownFileType = sourcecode.c.h; name = ANConst.h; path = ANWeather/Main/ANConst.h; sourceTree = "<group>"; };
		00B98D9A1C341DD400AD5B5C /* ANConst.m */ = {isa = PBXFileReference; fileEncoding = 4; lastKnownFileType = sourcecode.c.objc; name = ANConst.m; path = ANWeather/Main/ANConst.m; sourceTree = "<group>"; };
		00B98D9F1C343C0B00AD5B5C /* ANStatusM.h */ = {isa = PBXFileReference; fileEncoding = 4; lastKnownFileType = sourcecode.c.h; path = ANStatusM.h; sourceTree = "<group>"; };
		00B98DA01C343C0B00AD5B5C /* ANStatusM.m */ = {isa = PBXFileReference; fileEncoding = 4; lastKnownFileType = sourcecode.c.objc; path = ANStatusM.m; sourceTree = "<group>"; };
		00B98DAA1C3527DE00AD5B5C /* ANTopView.h */ = {isa = PBXFileReference; fileEncoding = 4; lastKnownFileType = sourcecode.c.h; path = ANTopView.h; sourceTree = "<group>"; };
		00B98DAB1C3527DE00AD5B5C /* ANTopView.m */ = {isa = PBXFileReference; fileEncoding = 4; lastKnownFileType = sourcecode.c.objc; path = ANTopView.m; sourceTree = "<group>"; };
		00B98DAD1C3527ED00AD5B5C /* ANTopView.xib */ = {isa = PBXFileReference; fileEncoding = 4; lastKnownFileType = file.xib; path = ANTopView.xib; sourceTree = "<group>"; };
		00B98DB11C38280200AD5B5C /* CoreImage.framework */ = {isa = PBXFileReference; lastKnownFileType = wrapper.framework; name = CoreImage.framework; path = System/Library/Frameworks/CoreImage.framework; sourceTree = SDKROOT; };
		00ED1C051C2EDCA500813F30 /* UIBarButtonItem+Extension.h */ = {isa = PBXFileReference; fileEncoding = 4; lastKnownFileType = sourcecode.c.h; path = "UIBarButtonItem+Extension.h"; sourceTree = "<group>"; };
		00ED1C061C2EDCA500813F30 /* UIBarButtonItem+Extension.m */ = {isa = PBXFileReference; fileEncoding = 4; lastKnownFileType = sourcecode.c.objc; path = "UIBarButtonItem+Extension.m"; sourceTree = "<group>"; };
/* End PBXFileReference section */

/* Begin PBXFrameworksBuildPhase section */
		0022151B1C2CE63900E665F6 /* Frameworks */ = {
			isa = PBXFrameworksBuildPhase;
			buildActionMask = 2147483647;
			files = (
				00B98DB21C38280200AD5B5C /* CoreImage.framework in Frameworks */,
				00B98D841C33E79700AD5B5C /* libsqlite3.0.dylib in Frameworks */,
			);
			runOnlyForDeploymentPostprocessing = 0;
		};
		002215371C2CE63900E665F6 /* Frameworks */ = {
			isa = PBXFrameworksBuildPhase;
			buildActionMask = 2147483647;
			files = (
			);
			runOnlyForDeploymentPostprocessing = 0;
		};
/* End PBXFrameworksBuildPhase section */

/* Begin PBXGroup section */
		002215151C2CE63900E665F6 = {
			isa = PBXGroup;
			children = (
				00B98DB11C38280200AD5B5C /* CoreImage.framework */,
				00B98D831C33E79700AD5B5C /* libsqlite3.0.dylib */,
				002215201C2CE63900E665F6 /* ANWeather */,
				0022153D1C2CE63900E665F6 /* ANWeatherTests */,
				0022151F1C2CE63900E665F6 /* Products */,
			);
			sourceTree = "<group>";
		};
		0022151F1C2CE63900E665F6 /* Products */ = {
			isa = PBXGroup;
			children = (
				0022151E1C2CE63900E665F6 /* ANWeather.app */,
				0022153A1C2CE63900E665F6 /* ANWeatherTests.xctest */,
			);
			name = Products;
			sourceTree = "<group>";
		};
		002215201C2CE63900E665F6 /* ANWeather */ = {
			isa = PBXGroup;
			children = (
				002215631C2CE6B700E665F6 /* Classes */,
				002215311C2CE63900E665F6 /* Images.xcassets */,
				002215331C2CE63900E665F6 /* LaunchScreen.xib */,
				002215281C2CE63900E665F6 /* ANWeather.xcdatamodeld */,
				002215211C2CE63900E665F6 /* Supporting Files */,
			);
			path = ANWeather;
			sourceTree = "<group>";
		};
		002215211C2CE63900E665F6 /* Supporting Files */ = {
			isa = PBXGroup;
			children = (
				002215221C2CE63900E665F6 /* Info.plist */,
				002215681C2CE70800E665F6 /* PrefixHeader.pch */,
			);
			name = "Supporting Files";
			sourceTree = "<group>";
		};
		0022153D1C2CE63900E665F6 /* ANWeatherTests */ = {
			isa = PBXGroup;
			children = (
				002215401C2CE63900E665F6 /* ANWeatherTests.m */,
				0022153E1C2CE63900E665F6 /* Supporting Files */,
			);
			path = ANWeatherTests;
			sourceTree = "<group>";
		};
		0022153E1C2CE63900E665F6 /* Supporting Files */ = {
			isa = PBXGroup;
			children = (
				0022153F1C2CE63900E665F6 /* Info.plist */,
			);
			name = "Supporting Files";
			sourceTree = "<group>";
		};
		002215631C2CE6B700E665F6 /* Classes */ = {
			isa = PBXGroup;
			children = (
				003C98241C32B25A00160D91 /* Right */,
				009033B61C2E2E9E001FFED3 /* Left */,
				00ED1C0B1C2FB1C700813F30 /* WeatherDetail */,
				009033B51C2E2E88001FFED3 /* Home */,
				002215671C2CE6DA00E665F6 /* Category */,
				002215691C2CE78500E665F6 /* libs */,
				002216081C2CE91400E665F6 /* Main */,
			);
			name = Classes;
			path = ..;
			sourceTree = "<group>";
		};
		002215671C2CE6DA00E665F6 /* Category */ = {
			isa = PBXGroup;
			children = (
				003C982B1C32B2AC00160D91 /* UINavigationBar+BackgroundColor.h */,
				003C982C1C32B2AC00160D91 /* UINavigationBar+BackgroundColor.m */,
				00ED1C051C2EDCA500813F30 /* UIBarButtonItem+Extension.h */,
				00ED1C061C2EDCA500813F30 /* UIBarButtonItem+Extension.m */,
				002215BE1C2CE8CE00E665F6 /* Foundation+Log.m */,
				002215BF1C2CE8CE00E665F6 /* UIView+Extension.h */,
				002215C01C2CE8CE00E665F6 /* UIView+Extension.m */,
			);
			name = Category;
			sourceTree = "<group>";
		};
		002215691C2CE78500E665F6 /* libs */ = {
			isa = PBXGroup;
			children = (
				00B98D851C33EB2800AD5B5C /* fmdb */,
				003C97E11C327FFD00160D91 /* MJRefresh */,
				009033C41C2E2F53001FFED3 /* RESideMenu */,
				009033BB1C2E2F46001FFED3 /* MBProgressHUD */,
				002215C31C2CE8E500E665F6 /* AFNetworking */,
				002215D71C2CE8E500E665F6 /* MJExtension */,
			);
			name = libs;
			sourceTree = "<group>";
		};
		002215C31C2CE8E500E665F6 /* AFNetworking */ = {
			isa = PBXGroup;
			children = (
				002215C41C2CE8E500E665F6 /* AFHTTPRequestOperation.h */,
				002215C51C2CE8E500E665F6 /* AFHTTPRequestOperation.m */,
				002215C61C2CE8E500E665F6 /* AFHTTPRequestOperationManager.h */,
				002215C71C2CE8E500E665F6 /* AFHTTPRequestOperationManager.m */,
				002215C81C2CE8E500E665F6 /* AFHTTPSessionManager.h */,
				002215C91C2CE8E500E665F6 /* AFHTTPSessionManager.m */,
				002215CA1C2CE8E500E665F6 /* AFNetworking.h */,
				002215CB1C2CE8E500E665F6 /* AFNetworkReachabilityManager.h */,
				002215CC1C2CE8E500E665F6 /* AFNetworkReachabilityManager.m */,
				002215CD1C2CE8E500E665F6 /* AFSecurityPolicy.h */,
				002215CE1C2CE8E500E665F6 /* AFSecurityPolicy.m */,
				002215CF1C2CE8E500E665F6 /* AFURLConnectionOperation.h */,
				002215D01C2CE8E500E665F6 /* AFURLConnectionOperation.m */,
				002215D11C2CE8E500E665F6 /* AFURLRequestSerialization.h */,
				002215D21C2CE8E500E665F6 /* AFURLRequestSerialization.m */,
				002215D31C2CE8E500E665F6 /* AFURLResponseSerialization.h */,
				002215D41C2CE8E500E665F6 /* AFURLResponseSerialization.m */,
				002215D51C2CE8E500E665F6 /* AFURLSessionManager.h */,
				002215D61C2CE8E500E665F6 /* AFURLSessionManager.m */,
			);
			name = AFNetworking;
			path = ANWeather/Libs/AFNetworking;
			sourceTree = "<group>";
		};
		002215D71C2CE8E500E665F6 /* MJExtension */ = {
			isa = PBXGroup;
			children = (
				002215D81C2CE8E500E665F6 /* MJDictionaryCache.h */,
				002215D91C2CE8E500E665F6 /* MJDictionaryCache.m */,
				002215DA1C2CE8E500E665F6 /* MJExtension.h */,
				002215DB1C2CE8E500E665F6 /* MJExtensionConst.h */,
				002215DC1C2CE8E500E665F6 /* MJExtensionConst.m */,
				002215DD1C2CE8E500E665F6 /* MJFoundation.h */,
				002215DE1C2CE8E500E665F6 /* MJFoundation.m */,
				002215DF1C2CE8E500E665F6 /* MJProperty.h */,
				002215E01C2CE8E500E665F6 /* MJProperty.m */,
				002215E11C2CE8E500E665F6 /* MJPropertyKey.h */,
				002215E21C2CE8E500E665F6 /* MJPropertyKey.m */,
				002215E31C2CE8E500E665F6 /* MJPropertyType.h */,
				002215E41C2CE8E500E665F6 /* MJPropertyType.m */,
				002215E51C2CE8E500E665F6 /* NSObject+MJClass.h */,
				002215E61C2CE8E500E665F6 /* NSObject+MJClass.m */,
				002215E71C2CE8E500E665F6 /* NSObject+MJCoding.h */,
				002215E81C2CE8E500E665F6 /* NSObject+MJCoding.m */,
				002215E91C2CE8E500E665F6 /* NSObject+MJKeyValue.h */,
				002215EA1C2CE8E500E665F6 /* NSObject+MJKeyValue.m */,
				002215EB1C2CE8E500E665F6 /* NSObject+MJProperty.h */,
				002215EC1C2CE8E500E665F6 /* NSObject+MJProperty.m */,
				002215ED1C2CE8E500E665F6 /* NSString+MJExtension.h */,
				002215EE1C2CE8E500E665F6 /* NSString+MJExtension.m */,
			);
			name = MJExtension;
			path = ANWeather/Libs/MJExtension;
			sourceTree = "<group>";
		};
		002216081C2CE91400E665F6 /* Main */ = {
			isa = PBXGroup;
			children = (
				0022152E1C2CE63900E665F6 /* Main.storyboard */,
				002216031C2CE8F800E665F6 /* AppDelegate.h */,
				002216041C2CE8F800E665F6 /* AppDelegate.m */,
				002216051C2CE8F800E665F6 /* main.m */,
				00B98D991C341DD400AD5B5C /* ANConst.h */,
				00B98D9A1C341DD400AD5B5C /* ANConst.m */,
			);
			name = Main;
			sourceTree = "<group>";
		};
		003C97E11C327FFD00160D91 /* MJRefresh */ = {
			isa = PBXGroup;
			children = (
				003C97E21C327FFD00160D91 /* Base */,
				003C97ED1C327FFD00160D91 /* Custom */,
				003C98041C327FFD00160D91 /* MJRefresh.bundle */,
				003C98051C327FFD00160D91 /* MJRefresh.h */,
				003C98061C327FFD00160D91 /* MJRefreshConst.h */,
				003C98071C327FFD00160D91 /* MJRefreshConst.m */,
				003C98081C327FFD00160D91 /* UIScrollView+MJExtension.h */,
				003C98091C327FFD00160D91 /* UIScrollView+MJExtension.m */,
				003C980A1C327FFD00160D91 /* UIScrollView+MJRefresh.h */,
				003C980B1C327FFD00160D91 /* UIScrollView+MJRefresh.m */,
				003C980C1C327FFD00160D91 /* UIView+MJExtension.h */,
				003C980D1C327FFD00160D91 /* UIView+MJExtension.m */,
			);
			path = MJRefresh;
			sourceTree = "<group>";
		};
		003C97E21C327FFD00160D91 /* Base */ = {
			isa = PBXGroup;
			children = (
				003C97E31C327FFD00160D91 /* MJRefreshAutoFooter.h */,
				003C97E41C327FFD00160D91 /* MJRefreshAutoFooter.m */,
				003C97E51C327FFD00160D91 /* MJRefreshBackFooter.h */,
				003C97E61C327FFD00160D91 /* MJRefreshBackFooter.m */,
				003C97E71C327FFD00160D91 /* MJRefreshComponent.h */,
				003C97E81C327FFD00160D91 /* MJRefreshComponent.m */,
				003C97E91C327FFD00160D91 /* MJRefreshFooter.h */,
				003C97EA1C327FFD00160D91 /* MJRefreshFooter.m */,
				003C97EB1C327FFD00160D91 /* MJRefreshHeader.h */,
				003C97EC1C327FFD00160D91 /* MJRefreshHeader.m */,
			);
			path = Base;
			sourceTree = "<group>";
		};
		003C97ED1C327FFD00160D91 /* Custom */ = {
			isa = PBXGroup;
			children = (
				003C97EE1C327FFD00160D91 /* Footer */,
				003C97FD1C327FFD00160D91 /* Header */,
			);
			path = Custom;
			sourceTree = "<group>";
		};
		003C97EE1C327FFD00160D91 /* Footer */ = {
			isa = PBXGroup;
			children = (
				003C97EF1C327FFD00160D91 /* Auto */,
				003C97F61C327FFD00160D91 /* Back */,
			);
			path = Footer;
			sourceTree = "<group>";
		};
		003C97EF1C327FFD00160D91 /* Auto */ = {
			isa = PBXGroup;
			children = (
				003C97F01C327FFD00160D91 /* MJRefreshAutoGifFooter.h */,
				003C97F11C327FFD00160D91 /* MJRefreshAutoGifFooter.m */,
				003C97F21C327FFD00160D91 /* MJRefreshAutoNormalFooter.h */,
				003C97F31C327FFD00160D91 /* MJRefreshAutoNormalFooter.m */,
				003C97F41C327FFD00160D91 /* MJRefreshAutoStateFooter.h */,
				003C97F51C327FFD00160D91 /* MJRefreshAutoStateFooter.m */,
			);
			path = Auto;
			sourceTree = "<group>";
		};
		003C97F61C327FFD00160D91 /* Back */ = {
			isa = PBXGroup;
			children = (
				003C97F71C327FFD00160D91 /* MJRefreshBackGifFooter.h */,
				003C97F81C327FFD00160D91 /* MJRefreshBackGifFooter.m */,
				003C97F91C327FFD00160D91 /* MJRefreshBackNormalFooter.h */,
				003C97FA1C327FFD00160D91 /* MJRefreshBackNormalFooter.m */,
				003C97FB1C327FFD00160D91 /* MJRefreshBackStateFooter.h */,
				003C97FC1C327FFD00160D91 /* MJRefreshBackStateFooter.m */,
			);
			path = Back;
			sourceTree = "<group>";
		};
		003C97FD1C327FFD00160D91 /* Header */ = {
			isa = PBXGroup;
			children = (
				003C97FE1C327FFD00160D91 /* MJRefreshGifHeader.h */,
				003C97FF1C327FFD00160D91 /* MJRefreshGifHeader.m */,
				003C98001C327FFD00160D91 /* MJRefreshNormalHeader.h */,
				003C98011C327FFD00160D91 /* MJRefreshNormalHeader.m */,
				003C98021C327FFD00160D91 /* MJRefreshStateHeader.h */,
				003C98031C327FFD00160D91 /* MJRefreshStateHeader.m */,
			);
			path = Header;
			sourceTree = "<group>";
		};
		003C98241C32B25A00160D91 /* Right */ = {
			isa = PBXGroup;
			children = (
				003C98461C32BA3A00160D91 /* Controller */,
				003C98491C32BA3A00160D91 /* Model */,
				003C984A1C32BA3A00160D91 /* View */,
			);
			name = Right;
			path = ANWeather/Right;
			sourceTree = "<group>";
		};
		003C98461C32BA3A00160D91 /* Controller */ = {
			isa = PBXGroup;
			children = (
				003C98471C32BA3A00160D91 /* ANRightTableViewController.h */,
				003C98481C32BA3A00160D91 /* ANRightTableViewController.m */,
			);
			path = Controller;
			sourceTree = "<group>";
		};
		003C98491C32BA3A00160D91 /* Model */ = {
			isa = PBXGroup;
			children = (
			);
			path = Model;
			sourceTree = "<group>";
		};
		003C984A1C32BA3A00160D91 /* View */ = {
			isa = PBXGroup;
			children = (
				00B98D131C33B0AF00AD5B5C /* ANRightTableViewCell.h */,
				00B98D141C33B0AF00AD5B5C /* ANRightTableViewCell.m */,
			);
			path = View;
			sourceTree = "<group>";
		};
		009033B51C2E2E88001FFED3 /* Home */ = {
			isa = PBXGroup;
			children = (
				00B98D1F1C33C07D00AD5B5C /* Tool */,
				009033D41C2E2FA3001FFED3 /* Controller */,
				009033D71C2E2FA3001FFED3 /* Model */,
				009033E81C2E2FA3001FFED3 /* View */,
			);
			name = Home;
			sourceTree = "<group>";
		};
		009033B61C2E2E9E001FFED3 /* Left */ = {
			isa = PBXGroup;
			children = (
				00B98CE31C33846200AD5B5C /* Controller */,
				00B98D041C33846200AD5B5C /* Model */,
				00B98D051C33846200AD5B5C /* View */,
				009033CE1C2E2F92001FFED3 /* 3 */,
			);
			name = Left;
			sourceTree = "<group>";
		};
		009033BB1C2E2F46001FFED3 /* MBProgressHUD */ = {
			isa = PBXGroup;
			children = (
				009033BC1C2E2F46001FFED3 /* MBProgressHUD+MJ.h */,
				009033BD1C2E2F46001FFED3 /* MBProgressHUD+MJ.m */,
				009033BE1C2E2F46001FFED3 /* MBProgressHUD.bundle */,
				009033BF1C2E2F46001FFED3 /* MBProgressHUD.h */,
				009033C01C2E2F46001FFED3 /* MBProgressHUD.m */,
			);
			name = MBProgressHUD;
			path = ANWeather/Libs/MBProgressHUD;
			sourceTree = "<group>";
		};
		009033C41C2E2F53001FFED3 /* RESideMenu */ = {
			isa = PBXGroup;
			children = (
				009033C51C2E2F53001FFED3 /* RECommonFunctions.h */,
				009033C61C2E2F53001FFED3 /* RECommonFunctions.m */,
				009033C71C2E2F53001FFED3 /* RESideMenu.h */,
				009033C81C2E2F53001FFED3 /* RESideMenu.m */,
				009033C91C2E2F53001FFED3 /* UIViewController+RESideMenu.h */,
				009033CA1C2E2F53001FFED3 /* UIViewController+RESideMenu.m */,
			);
			name = RESideMenu;
			path = ANWeather/Libs/RESideMenu;
			sourceTree = "<group>";
		};
		009033CE1C2E2F92001FFED3 /* 3 */ = {
			isa = PBXGroup;
			children = (
				0090340B1C2E341D001FFED3 /* DEMOLeftMenuViewController.h */,
				0090340C1C2E341D001FFED3 /* DEMOLeftMenuViewController.m */,
			);
			name = 3;
			path = ANWeather/Left/Controller;
			sourceTree = "<group>";
		};
		009033D41C2E2FA3001FFED3 /* Controller */ = {
			isa = PBXGroup;
			children = (
				009033D51C2E2FA3001FFED3 /* ViewController.h */,
				009033D61C2E2FA3001FFED3 /* ViewController.m */,
			);
			name = Controller;
			path = ANWeather/Home/Controller;
			sourceTree = "<group>";
		};
		009033D71C2E2FA3001FFED3 /* Model */ = {
			isa = PBXGroup;
			children = (
				009033E41C2E2FA3001FFED3 /* ANWeatherData.h */,
				009033E51C2E2FA3001FFED3 /* ANWeatherData.m */,
				00B98D9F1C343C0B00AD5B5C /* ANStatusM.h */,
				00B98DA01C343C0B00AD5B5C /* ANStatusM.m */,
				00B98D961C34035600AD5B5C /* ANBasicM.h */,
				00B98D971C34035600AD5B5C /* ANBasicM.m */,
				009033D81C2E2FA3001FFED3 /* ANAqiM.h */,
				009033D91C2E2FA3001FFED3 /* ANAqiM.m */,
				009033DA1C2E2FA3001FFED3 /* ANCity.h */,
				009033DB1C2E2FA3001FFED3 /* ANCity.m */,
				009033DC1C2E2FA3001FFED3 /* ANCondM.h */,
				009033DD1C2E2FA3001FFED3 /* ANCondM.m */,
				009033DE1C2E2FA3001FFED3 /* ANDailyForecastM.h */,
				009033DF1C2E2FA3001FFED3 /* ANDailyForecastM.m */,
				009033E01C2E2FA3001FFED3 /* ANNowM.h */,
				009033E11C2E2FA3001FFED3 /* ANNowM.m */,
				009033E21C2E2FA3001FFED3 /* ANTemM.h */,
				009033E31C2E2FA3001FFED3 /* ANTemM.m */,
				009033E61C2E2FA3001FFED3 /* ANWindM.h */,
				009033E71C2E2FA3001FFED3 /* ANWindM.m */,
			);
			name = Model;
			path = ANWeather/Home/Model;
			sourceTree = "<group>";
		};
		009033E81C2E2FA3001FFED3 /* View */ = {
			isa = PBXGroup;
			children = (
				009033F21C2E2FA3001FFED3 /* ANWeatherView.h */,
				009033F31C2E2FA3001FFED3 /* ANWeatherView.m */,
				009033E91C2E2FA3001FFED3 /* ANPM25ItemView.h */,
				009033EA1C2E2FA3001FFED3 /* ANPM25ItemView.m */,
				009033EB1C2E2FA3001FFED3 /* ANPM25ItemView.xib */,
				009033EC1C2E2FA3001FFED3 /* ANTempItemView.h */,
				009033ED1C2E2FA3001FFED3 /* ANTempItemView.m */,
				00934F3A1C311F710042F0D9 /* ANTempItemView.xib */,
				009033EF1C2E2FA3001FFED3 /* ANWeatherItemView.h */,
				009033F01C2E2FA3001FFED3 /* ANWeatherItemView.m */,
				009033F11C2E2FA3001FFED3 /* ANWeatherItemView.xib */,
				009033F41C2E2FA3001FFED3 /* ANWindSpeedItemView.h */,
				009033F51C2E2FA3001FFED3 /* ANWindSpeedItemView.m */,
				009033F61C2E2FA3001FFED3 /* ANWindSpeedItemView.xib */,
				00934F441C315F060042F0D9 /* ANDaysWeatherCell.h */,
				00934F451C315F060042F0D9 /* ANDaysWeatherCell.m */,
				00934F461C315F060042F0D9 /* ANDaysWeatherCell.xib */,
				00B98DAA1C3527DE00AD5B5C /* ANTopView.h */,
				00B98DAB1C3527DE00AD5B5C /* ANTopView.m */,
				00B98DAD1C3527ED00AD5B5C /* ANTopView.xib */,
			);
			name = View;
			path = ANWeather/Home/View;
			sourceTree = "<group>";
		};
		00B98CE31C33846200AD5B5C /* Controller */ = {
			isa = PBXGroup;
			children = (
				00B98D0B1C33848000AD5B5C /* ANLeftTableViewController.h */,
				00B98D0C1C33848000AD5B5C /* ANLeftTableViewController.m */,
				00B98CE41C33846200AD5B5C /* About */,
				00B98CED1C33846200AD5B5C /* Comment */,
				00B98CF11C33846200AD5B5C /* Feedback */,
				00B98CF51C33846200AD5B5C /* Home */,
				00B98CF91C33846200AD5B5C /* Setting */,
				00B98D001C33846200AD5B5C /* support  */,
			);
			name = Controller;
			path = ANWeather/Left/Controller;
			sourceTree = "<group>";
		};
		00B98CE41C33846200AD5B5C /* About */ = {
			isa = PBXGroup;
			children = (
				00B98CE51C33846200AD5B5C /* Controller */,
				00B98CE91C33846200AD5B5C /* Model */,
				00B98CEA1C33846200AD5B5C /* View */,
			);
			path = About;
			sourceTree = "<group>";
		};
		00B98CE51C33846200AD5B5C /* Controller */ = {
			isa = PBXGroup;
			children = (
				00B98CE61C33846200AD5B5C /* ANAboutViewController.h */,
				00B98CE71C33846200AD5B5C /* ANAboutViewController.m */,
				00B98CE81C33846200AD5B5C /* ANAboutViewController.xib */,
			);
			path = Controller;
			sourceTree = "<group>";
		};
		00B98CE91C33846200AD5B5C /* Model */ = {
			isa = PBXGroup;
			children = (
			);
			path = Model;
			sourceTree = "<group>";
		};
		00B98CEA1C33846200AD5B5C /* View */ = {
			isa = PBXGroup;
			children = (
			);
			path = View;
			sourceTree = "<group>";
		};
		00B98CED1C33846200AD5B5C /* Comment */ = {
			isa = PBXGroup;
			children = (
				00B98CEE1C33846200AD5B5C /* Controller */,
				00B98CEF1C33846200AD5B5C /* Model */,
				00B98CF01C33846200AD5B5C /* View */,
			);
			path = Comment;
			sourceTree = "<group>";
		};
		00B98CEE1C33846200AD5B5C /* Controller */ = {
			isa = PBXGroup;
			children = (
			);
			path = Controller;
			sourceTree = "<group>";
		};
		00B98CEF1C33846200AD5B5C /* Model */ = {
			isa = PBXGroup;
			children = (
			);
			path = Model;
			sourceTree = "<group>";
		};
		00B98CF01C33846200AD5B5C /* View */ = {
			isa = PBXGroup;
			children = (
			);
			path = View;
			sourceTree = "<group>";
		};
		00B98CF11C33846200AD5B5C /* Feedback */ = {
			isa = PBXGroup;
			children = (
				00B98CF21C33846200AD5B5C /* Controller */,
				00B98CF31C33846200AD5B5C /* Model */,
				00B98CF41C33846200AD5B5C /* View */,
			);
			path = Feedback;
			sourceTree = "<group>";
		};
		00B98CF21C33846200AD5B5C /* Controller */ = {
			isa = PBXGroup;
			children = (
			);
			path = Controller;
			sourceTree = "<group>";
		};
		00B98CF31C33846200AD5B5C /* Model */ = {
			isa = PBXGroup;
			children = (
			);
			path = Model;
			sourceTree = "<group>";
		};
		00B98CF41C33846200AD5B5C /* View */ = {
			isa = PBXGroup;
			children = (
			);
			path = View;
			sourceTree = "<group>";
		};
		00B98CF51C33846200AD5B5C /* Home */ = {
			isa = PBXGroup;
			children = (
				00B98CF61C33846200AD5B5C /* Controller */,
				00B98CF71C33846200AD5B5C /* Model */,
				00B98CF81C33846200AD5B5C /* View */,
			);
			path = Home;
			sourceTree = "<group>";
		};
		00B98CF61C33846200AD5B5C /* Controller */ = {
			isa = PBXGroup;
			children = (
			);
			path = Controller;
			sourceTree = "<group>";
		};
		00B98CF71C33846200AD5B5C /* Model */ = {
			isa = PBXGroup;
			children = (
			);
			path = Model;
			sourceTree = "<group>";
		};
		00B98CF81C33846200AD5B5C /* View */ = {
			isa = PBXGroup;
			children = (
			);
			path = View;
			sourceTree = "<group>";
		};
		00B98CF91C33846200AD5B5C /* Setting */ = {
			isa = PBXGroup;
			children = (
				00B98CFA1C33846200AD5B5C /* Controller */,
				00B98CFE1C33846200AD5B5C /* Model */,
				00B98CFF1C33846200AD5B5C /* View */,
			);
			path = Setting;
			sourceTree = "<group>";
		};
		00B98CFA1C33846200AD5B5C /* Controller */ = {
			isa = PBXGroup;
			children = (
				00B98CFB1C33846200AD5B5C /* ANSettingTableViewController.h */,
				00B98CFC1C33846200AD5B5C /* ANSettingTableViewController.m */,
				00B98CFD1C33846200AD5B5C /* ANSettingTableViewController.xib */,
			);
			path = Controller;
			sourceTree = "<group>";
		};
		00B98CFE1C33846200AD5B5C /* Model */ = {
			isa = PBXGroup;
			children = (
			);
			path = Model;
			sourceTree = "<group>";
		};
		00B98CFF1C33846200AD5B5C /* View */ = {
			isa = PBXGroup;
			children = (
			);
			path = View;
			sourceTree = "<group>";
		};
		00B98D001C33846200AD5B5C /* support  */ = {
			isa = PBXGroup;
			children = (
				00B98D011C33846200AD5B5C /* Controller */,
				00B98D021C33846200AD5B5C /* Model */,
				00B98D031C33846200AD5B5C /* View */,
			);
			path = "support ";
			sourceTree = "<group>";
		};
		00B98D011C33846200AD5B5C /* Controller */ = {
			isa = PBXGroup;
			children = (
			);
			path = Controller;
			sourceTree = "<group>";
		};
		00B98D021C33846200AD5B5C /* Model */ = {
			isa = PBXGroup;
			children = (
			);
			path = Model;
			sourceTree = "<group>";
		};
		00B98D031C33846200AD5B5C /* View */ = {
			isa = PBXGroup;
			children = (
			);
			path = View;
			sourceTree = "<group>";
		};
		00B98D041C33846200AD5B5C /* Model */ = {
			isa = PBXGroup;
			children = (
			);
			name = Model;
			path = ANWeather/Left/Model;
			sourceTree = "<group>";
		};
		00B98D051C33846200AD5B5C /* View */ = {
			isa = PBXGroup;
			children = (
			);
			name = View;
			path = ANWeather/Left/View;
			sourceTree = "<group>";
		};
		00B98D1F1C33C07D00AD5B5C /* Tool */ = {
			isa = PBXGroup;
			children = (
				00B98D1C1C33C07800AD5B5C /* ANOffLineTool.h */,
				00B98D1D1C33C07800AD5B5C /* ANOffLineTool.m */,
			);
			name = Tool;
			sourceTree = "<group>";
		};
		00B98D851C33EB2800AD5B5C /* fmdb */ = {
			isa = PBXGroup;
			children = (
				00B98D861C33EB2800AD5B5C /* FMDatabase.h */,
				00B98D871C33EB2800AD5B5C /* FMDatabase.m */,
				00B98D881C33EB2800AD5B5C /* FMDatabaseAdditions.h */,
				00B98D891C33EB2800AD5B5C /* FMDatabaseAdditions.m */,
				00B98D8A1C33EB2800AD5B5C /* FMDatabasePool.h */,
				00B98D8B1C33EB2800AD5B5C /* FMDatabasePool.m */,
				00B98D8C1C33EB2800AD5B5C /* FMDatabaseQueue.h */,
				00B98D8D1C33EB2800AD5B5C /* FMDatabaseQueue.m */,
				00B98D8E1C33EB2800AD5B5C /* FMDB.h */,
				00B98D8F1C33EB2800AD5B5C /* FMResultSet.h */,
				00B98D901C33EB2800AD5B5C /* FMResultSet.m */,
			);
			path = fmdb;
			sourceTree = "<group>";
		};
		00ED1C0B1C2FB1C700813F30 /* WeatherDetail */ = {
			isa = PBXGroup;
			children = (
				00ED1C0C1C2FB1C700813F30 /* Controllder */,
				00ED1C0D1C2FB1C700813F30 /* Model */,
				00ED1C0E1C2FB1C700813F30 /* View */,
			);
			name = WeatherDetail;
			path = ANWeather/WeatherDetail;
			sourceTree = "<group>";
		};
		00ED1C0C1C2FB1C700813F30 /* Controllder */ = {
			isa = PBXGroup;
			children = (
			);
			path = Controllder;
			sourceTree = "<group>";
		};
		00ED1C0D1C2FB1C700813F30 /* Model */ = {
			isa = PBXGroup;
			children = (
			);
			path = Model;
			sourceTree = "<group>";
		};
		00ED1C0E1C2FB1C700813F30 /* View */ = {
			isa = PBXGroup;
			children = (
			);
			path = View;
			sourceTree = "<group>";
		};
/* End PBXGroup section */

/* Begin PBXNativeTarget section */
		0022151D1C2CE63900E665F6 /* ANWeather */ = {
			isa = PBXNativeTarget;
			buildConfigurationList = 002215441C2CE63900E665F6 /* Build configuration list for PBXNativeTarget "ANWeather" */;
			buildPhases = (
				0022151A1C2CE63900E665F6 /* Sources */,
				0022151B1C2CE63900E665F6 /* Frameworks */,
				0022151C1C2CE63900E665F6 /* Resources */,
			);
			buildRules = (
			);
			dependencies = (
			);
			name = ANWeather;
			productName = ANWeather;
			productReference = 0022151E1C2CE63900E665F6 /* ANWeather.app */;
			productType = "com.apple.product-type.application";
		};
		002215391C2CE63900E665F6 /* ANWeatherTests */ = {
			isa = PBXNativeTarget;
			buildConfigurationList = 002215471C2CE63900E665F6 /* Build configuration list for PBXNativeTarget "ANWeatherTests" */;
			buildPhases = (
				002215361C2CE63900E665F6 /* Sources */,
				002215371C2CE63900E665F6 /* Frameworks */,
				002215381C2CE63900E665F6 /* Resources */,
			);
			buildRules = (
			);
			dependencies = (
				0022153C1C2CE63900E665F6 /* PBXTargetDependency */,
			);
			name = ANWeatherTests;
			productName = ANWeatherTests;
			productReference = 0022153A1C2CE63900E665F6 /* ANWeatherTests.xctest */;
			productType = "com.apple.product-type.bundle.unit-test";
		};
/* End PBXNativeTarget section */

/* Begin PBXProject section */
		002215161C2CE63900E665F6 /* Project object */ = {
			isa = PBXProject;
			attributes = {
				LastUpgradeCheck = 0640;
				ORGANIZATIONNAME = YongChaoAn;
				TargetAttributes = {
					0022151D1C2CE63900E665F6 = {
						CreatedOnToolsVersion = 6.4;
					};
					002215391C2CE63900E665F6 = {
						CreatedOnToolsVersion = 6.4;
						TestTargetID = 0022151D1C2CE63900E665F6;
					};
				};
			};
			buildConfigurationList = 002215191C2CE63900E665F6 /* Build configuration list for PBXProject "ANWeather" */;
			compatibilityVersion = "Xcode 3.2";
			developmentRegion = English;
			hasScannedForEncodings = 0;
			knownRegions = (
				en,
				Base,
			);
			mainGroup = 002215151C2CE63900E665F6;
			productRefGroup = 0022151F1C2CE63900E665F6 /* Products */;
			projectDirPath = "";
			projectRoot = "";
			targets = (
				0022151D1C2CE63900E665F6 /* ANWeather */,
				002215391C2CE63900E665F6 /* ANWeatherTests */,
			);
		};
/* End PBXProject section */

/* Begin PBXResourcesBuildPhase section */
		0022151C1C2CE63900E665F6 /* Resources */ = {
			isa = PBXResourcesBuildPhase;
			buildActionMask = 2147483647;
			files = (
				009033C21C2E2F46001FFED3 /* MBProgressHUD.bundle in Resources */,
				00934F481C315F060042F0D9 /* ANDaysWeatherCell.xib in Resources */,
				009034011C2E2FA3001FFED3 /* ANPM25ItemView.xib in Resources */,
				00B98DAE1C3527EE00AD5B5C /* ANTopView.xib in Resources */,
				009034051C2E2FA3001FFED3 /* ANWeatherItemView.xib in Resources */,
				009034081C2E2FA3001FFED3 /* ANWindSpeedItemView.xib in Resources */,
				00B98D0A1C33846200AD5B5C /* ANSettingTableViewController.xib in Resources */,
				002215301C2CE63900E665F6 /* Main.storyboard in Resources */,
				00934F3B1C311F710042F0D9 /* ANTempItemView.xib in Resources */,
				003C981C1C327FFD00160D91 /* MJRefresh.bundle in Resources */,
				002215351C2CE63900E665F6 /* LaunchScreen.xib in Resources */,
				002215321C2CE63900E665F6 /* Images.xcassets in Resources */,
				00B98D071C33846200AD5B5C /* ANAboutViewController.xib in Resources */,
			);
			runOnlyForDeploymentPostprocessing = 0;
		};
		002215381C2CE63900E665F6 /* Resources */ = {
			isa = PBXResourcesBuildPhase;
			buildActionMask = 2147483647;
			files = (
			);
			runOnlyForDeploymentPostprocessing = 0;
		};
/* End PBXResourcesBuildPhase section */

/* Begin PBXSourcesBuildPhase section */
		0022151A1C2CE63900E665F6 /* Sources */ = {
			isa = PBXSourcesBuildPhase;
			buildActionMask = 2147483647;
			files = (
				002215F31C2CE8E500E665F6 /* AFSecurityPolicy.m in Sources */,
				00B98D151C33B0AF00AD5B5C /* ANRightTableViewCell.m in Sources */,
				002215FA1C2CE8E500E665F6 /* MJFoundation.m in Sources */,
				002216001C2CE8E500E665F6 /* NSObject+MJKeyValue.m in Sources */,
				003C98191C327FFD00160D91 /* MJRefreshGifHeader.m in Sources */,
				002215F01C2CE8E500E665F6 /* AFHTTPRequestOperationManager.m in Sources */,
				00B98D951C33EB2800AD5B5C /* FMResultSet.m in Sources */,
				002215EF1C2CE8E500E665F6 /* AFHTTPRequestOperation.m in Sources */,
				003C98141C327FFD00160D91 /* MJRefreshAutoNormalFooter.m in Sources */,
				00B98D0D1C33848000AD5B5C /* ANLeftTableViewController.m in Sources */,
				009033C11C2E2F46001FFED3 /* MBProgressHUD+MJ.m in Sources */,
				003C98201C327FFD00160D91 /* UIView+MJExtension.m in Sources */,
				002215C21C2CE8CE00E665F6 /* UIView+Extension.m in Sources */,
				003C98171C327FFD00160D91 /* MJRefreshBackNormalFooter.m in Sources */,
				003C984B1C32BA3A00160D91 /* ANRightTableViewController.m in Sources */,
				009034071C2E2FA3001FFED3 /* ANWindSpeedItemView.m in Sources */,
				00B98D911C33EB2800AD5B5C /* FMDatabase.m in Sources */,
				00B98DA11C343C0B00AD5B5C /* ANStatusM.m in Sources */,
				003C98101C327FFD00160D91 /* MJRefreshComponent.m in Sources */,
				00B98D061C33846200AD5B5C /* ANAboutViewController.m in Sources */,
				009033FB1C2E2FA3001FFED3 /* ANDailyForecastM.m in Sources */,
				009034121C2E341D001FFED3 /* DEMOLeftMenuViewController.m in Sources */,
				003C981E1C327FFD00160D91 /* UIScrollView+MJExtension.m in Sources */,
				00B98D931C33EB2800AD5B5C /* FMDatabasePool.m in Sources */,
				002215C11C2CE8CE00E665F6 /* Foundation+Log.m in Sources */,
				003C98131C327FFD00160D91 /* MJRefreshAutoGifFooter.m in Sources */,
				003C98111C327FFD00160D91 /* MJRefreshFooter.m in Sources */,
				003C98121C327FFD00160D91 /* MJRefreshHeader.m in Sources */,
				009033C31C2E2F46001FFED3 /* MBProgressHUD.m in Sources */,
				003C980F1C327FFD00160D91 /* MJRefreshBackFooter.m in Sources */,
				009033FF1C2E2FA3001FFED3 /* ANWindM.m in Sources */,
				002215FF1C2CE8E500E665F6 /* NSObject+MJCoding.m in Sources */,
				00B98D921C33EB2800AD5B5C /* FMDatabaseAdditions.m in Sources */,
				003C982D1C32B2AC00160D91 /* UINavigationBar+BackgroundColor.m in Sources */,
				009033F71C2E2FA3001FFED3 /* ViewController.m in Sources */,
				009033CB1C2E2F53001FFED3 /* RECommonFunctions.m in Sources */,
				003C981D1C327FFD00160D91 /* MJRefreshConst.m in Sources */,
				002215F11C2CE8E500E665F6 /* AFHTTPSessionManager.m in Sources */,
				009033CD1C2E2F53001FFED3 /* UIViewController+RESideMenu.m in Sources */,
				009034061C2E2FA3001FFED3 /* ANWeatherView.m in Sources */,
				00B98D1E1C33C07800AD5B5C /* ANOffLineTool.m in Sources */,
				002215FC1C2CE8E500E665F6 /* MJPropertyKey.m in Sources */,
				002216061C2CE8F800E665F6 /* AppDelegate.m in Sources */,
				002215F41C2CE8E500E665F6 /* AFURLConnectionOperation.m in Sources */,
				002216011C2CE8E500E665F6 /* NSObject+MJProperty.m in Sources */,
				002215F51C2CE8E500E665F6 /* AFURLRequestSerialization.m in Sources */,
				009034021C2E2FA3001FFED3 /* ANTempItemView.m in Sources */,
				002215F71C2CE8E500E665F6 /* AFURLSessionManager.m in Sources */,
				002216021C2CE8E500E665F6 /* NSString+MJExtension.m in Sources */,
				00B98DAC1C3527DE00AD5B5C /* ANTopView.m in Sources */,
				009034001C2E2FA3001FFED3 /* ANPM25ItemView.m in Sources */,
				009033FC1C2E2FA3001FFED3 /* ANNowM.m in Sources */,
				003C980E1C327FFD00160D91 /* MJRefreshAutoFooter.m in Sources */,
				002215F61C2CE8E500E665F6 /* AFURLResponseSerialization.m in Sources */,
				002215FE1C2CE8E500E665F6 /* NSObject+MJClass.m in Sources */,
				00B98D941C33EB2800AD5B5C /* FMDatabaseQueue.m in Sources */,
				003C98161C327FFD00160D91 /* MJRefreshBackGifFooter.m in Sources */,
				002215F91C2CE8E500E665F6 /* MJExtensionConst.m in Sources */,
				009033F91C2E2FA3001FFED3 /* ANCity.m in Sources */,
				009033CC1C2E2F53001FFED3 /* RESideMenu.m in Sources */,
				00B98D9B1C341DD400AD5B5C /* ANConst.m in Sources */,
				00B98D981C34035600AD5B5C /* ANBasicM.m in Sources */,
				009033FE1C2E2FA3001FFED3 /* ANWeatherData.m in Sources */,
				002216071C2CE8F800E665F6 /* main.m in Sources */,
				009034041C2E2FA3001FFED3 /* ANWeatherItemView.m in Sources */,
				009033F81C2E2FA3001FFED3 /* ANAqiM.m in Sources */,
				009033FD1C2E2FA3001FFED3 /* ANTemM.m in Sources */,
				002215F81C2CE8E500E665F6 /* MJDictionaryCache.m in Sources */,
				00934F471C315F060042F0D9 /* ANDaysWeatherCell.m in Sources */,
				00ED1C071C2EDCA500813F30 /* UIBarButtonItem+Extension.m in Sources */,
				003C981F1C327FFD00160D91 /* UIScrollView+MJRefresh.m in Sources */,
				009033FA1C2E2FA3001FFED3 /* ANCondM.m in Sources */,
				002215FD1C2CE8E500E665F6 /* MJPropertyType.m in Sources */,
				003C98151C327FFD00160D91 /* MJRefreshAutoStateFooter.m in Sources */,
				003C98181C327FFD00160D91 /* MJRefreshBackStateFooter.m in Sources */,
				003C981B1C327FFD00160D91 /* MJRefreshStateHeader.m in Sources */,
				00B98D091C33846200AD5B5C /* ANSettingTableViewController.m in Sources */,
				003C981A1C327FFD00160D91 /* MJRefreshNormalHeader.m in Sources */,
				0022152A1C2CE63900E665F6 /* ANWeather.xcdatamodeld in Sources */,
				002215FB1C2CE8E500E665F6 /* MJProperty.m in Sources */,
				002215F21C2CE8E500E665F6 /* AFNetworkReachabilityManager.m in Sources */,
			);
			runOnlyForDeploymentPostprocessing = 0;
		};
		002215361C2CE63900E665F6 /* Sources */ = {
			isa = PBXSourcesBuildPhase;
			buildActionMask = 2147483647;
			files = (
				002215411C2CE63900E665F6 /* ANWeatherTests.m in Sources */,
			);
			runOnlyForDeploymentPostprocessing = 0;
		};
/* End PBXSourcesBuildPhase section */

/* Begin PBXTargetDependency section */
		0022153C1C2CE63900E665F6 /* PBXTargetDependency */ = {
			isa = PBXTargetDependency;
			target = 0022151D1C2CE63900E665F6 /* ANWeather */;
			targetProxy = 0022153B1C2CE63900E665F6 /* PBXContainerItemProxy */;
		};
/* End PBXTargetDependency section */

/* Begin PBXVariantGroup section */
		0022152E1C2CE63900E665F6 /* Main.storyboard */ = {
			isa = PBXVariantGroup;
			children = (
				0022152F1C2CE63900E665F6 /* Base */,
			);
			name = Main.storyboard;
			path = ANWeather;
			sourceTree = "<group>";
		};
		002215331C2CE63900E665F6 /* LaunchScreen.xib */ = {
			isa = PBXVariantGroup;
			children = (
				002215341C2CE63900E665F6 /* Base */,
			);
			name = LaunchScreen.xib;
			sourceTree = "<group>";
		};
/* End PBXVariantGroup section */

/* Begin XCBuildConfiguration section */
		002215421C2CE63900E665F6 /* Debug */ = {
			isa = XCBuildConfiguration;
			buildSettings = {
				ALWAYS_SEARCH_USER_PATHS = NO;
				CLANG_CXX_LANGUAGE_STANDARD = "gnu++0x";
				CLANG_CXX_LIBRARY = "libc++";
				CLANG_ENABLE_MODULES = YES;
				CLANG_ENABLE_OBJC_ARC = YES;
				CLANG_WARN_BOOL_CONVERSION = YES;
				CLANG_WARN_CONSTANT_CONVERSION = YES;
				CLANG_WARN_DIRECT_OBJC_ISA_USAGE = YES_ERROR;
				CLANG_WARN_EMPTY_BODY = YES;
				CLANG_WARN_ENUM_CONVERSION = YES;
				CLANG_WARN_INT_CONVERSION = YES;
				CLANG_WARN_OBJC_ROOT_CLASS = YES_ERROR;
				CLANG_WARN_UNREACHABLE_CODE = YES;
				CLANG_WARN__DUPLICATE_METHOD_MATCH = YES;
				"CODE_SIGN_IDENTITY[sdk=iphoneos*]" = "iPhone Developer";
				COPY_PHASE_STRIP = NO;
				DEBUG_INFORMATION_FORMAT = "dwarf-with-dsym";
				ENABLE_STRICT_OBJC_MSGSEND = YES;
				GCC_C_LANGUAGE_STANDARD = gnu99;
				GCC_DYNAMIC_NO_PIC = NO;
				GCC_NO_COMMON_BLOCKS = YES;
				GCC_OPTIMIZATION_LEVEL = 0;
				GCC_PREPROCESSOR_DEFINITIONS = (
					"DEBUG=1",
					"$(inherited)",
				);
				GCC_SYMBOLS_PRIVATE_EXTERN = NO;
				GCC_WARN_64_TO_32_BIT_CONVERSION = YES;
				GCC_WARN_ABOUT_RETURN_TYPE = YES_ERROR;
				GCC_WARN_UNDECLARED_SELECTOR = YES;
				GCC_WARN_UNINITIALIZED_AUTOS = YES_AGGRESSIVE;
				GCC_WARN_UNUSED_FUNCTION = YES;
				GCC_WARN_UNUSED_VARIABLE = YES;
				IPHONEOS_DEPLOYMENT_TARGET = 8.0;
				MTL_ENABLE_DEBUG_INFO = YES;
				ONLY_ACTIVE_ARCH = YES;
				SDKROOT = iphoneos;
			};
			name = Debug;
		};
		002215431C2CE63900E665F6 /* Release */ = {
			isa = XCBuildConfiguration;
			buildSettings = {
				ALWAYS_SEARCH_USER_PATHS = NO;
				CLANG_CXX_LANGUAGE_STANDARD = "gnu++0x";
				CLANG_CXX_LIBRARY = "libc++";
				CLANG_ENABLE_MODULES = YES;
				CLANG_ENABLE_OBJC_ARC = YES;
				CLANG_WARN_BOOL_CONVERSION = YES;
				CLANG_WARN_CONSTANT_CONVERSION = YES;
				CLANG_WARN_DIRECT_OBJC_ISA_USAGE = YES_ERROR;
				CLANG_WARN_EMPTY_BODY = YES;
				CLANG_WARN_ENUM_CONVERSION = YES;
				CLANG_WARN_INT_CONVERSION = YES;
				CLANG_WARN_OBJC_ROOT_CLASS = YES_ERROR;
				CLANG_WARN_UNREACHABLE_CODE = YES;
				CLANG_WARN__DUPLICATE_METHOD_MATCH = YES;
				"CODE_SIGN_IDENTITY[sdk=iphoneos*]" = "iPhone Developer";
				COPY_PHASE_STRIP = NO;
				DEBUG_INFORMATION_FORMAT = "dwarf-with-dsym";
				ENABLE_NS_ASSERTIONS = NO;
				ENABLE_STRICT_OBJC_MSGSEND = YES;
				GCC_C_LANGUAGE_STANDARD = gnu99;
				GCC_NO_COMMON_BLOCKS = YES;
				GCC_WARN_64_TO_32_BIT_CONVERSION = YES;
				GCC_WARN_ABOUT_RETURN_TYPE = YES_ERROR;
				GCC_WARN_UNDECLARED_SELECTOR = YES;
				GCC_WARN_UNINITIALIZED_AUTOS = YES_AGGRESSIVE;
				GCC_WARN_UNUSED_FUNCTION = YES;
				GCC_WARN_UNUSED_VARIABLE = YES;
				IPHONEOS_DEPLOYMENT_TARGET = 8.0;
				MTL_ENABLE_DEBUG_INFO = NO;
				SDKROOT = iphoneos;
				VALIDATE_PRODUCT = YES;
			};
			name = Release;
		};
		002215451C2CE63900E665F6 /* Debug */ = {
			isa = XCBuildConfiguration;
			buildSettings = {
				ASSETCATALOG_COMPILER_APPICON_NAME = AppIcon;
				GCC_PREFIX_HEADER = "$(SRCROOT)/ANWeather/PrefixHeader.pch";
				INFOPLIST_FILE = ANWeather/Info.plist;
				LD_RUNPATH_SEARCH_PATHS = "$(inherited) @executable_path/Frameworks";
				PRODUCT_NAME = "$(TARGET_NAME)";
			};
			name = Debug;
		};
		002215461C2CE63900E665F6 /* Release */ = {
			isa = XCBuildConfiguration;
			buildSettings = {
				ASSETCATALOG_COMPILER_APPICON_NAME = AppIcon;
				GCC_PREFIX_HEADER = "$(SRCROOT)/ANWeather/PrefixHeader.pch";
				INFOPLIST_FILE = ANWeather/Info.plist;
				LD_RUNPATH_SEARCH_PATHS = "$(inherited) @executable_path/Frameworks";
				PRODUCT_NAME = "$(TARGET_NAME)";
			};
			name = Release;
		};
		002215481C2CE63900E665F6 /* Debug */ = {
			isa = XCBuildConfiguration;
			buildSettings = {
				BUNDLE_LOADER = "$(TEST_HOST)";
				FRAMEWORK_SEARCH_PATHS = (
					"$(SDKROOT)/Developer/Library/Frameworks",
					"$(inherited)",
				);
				GCC_PREPROCESSOR_DEFINITIONS = (
					"DEBUG=1",
					"$(inherited)",
				);
				INFOPLIST_FILE = ANWeatherTests/Info.plist;
				LD_RUNPATH_SEARCH_PATHS = "$(inherited) @executable_path/Frameworks @loader_path/Frameworks";
				PRODUCT_NAME = "$(TARGET_NAME)";
				TEST_HOST = "$(BUILT_PRODUCTS_DIR)/ANWeather.app/ANWeather";
			};
			name = Debug;
		};
		002215491C2CE63900E665F6 /* Release */ = {
			isa = XCBuildConfiguration;
			buildSettings = {
				BUNDLE_LOADER = "$(TEST_HOST)";
				FRAMEWORK_SEARCH_PATHS = (
					"$(SDKROOT)/Developer/Library/Frameworks",
					"$(inherited)",
				);
				INFOPLIST_FILE = ANWeatherTests/Info.plist;
				LD_RUNPATH_SEARCH_PATHS = "$(inherited) @executable_path/Frameworks @loader_path/Frameworks";
				PRODUCT_NAME = "$(TARGET_NAME)";
				TEST_HOST = "$(BUILT_PRODUCTS_DIR)/ANWeather.app/ANWeather";
			};
			name = Release;
		};
/* End XCBuildConfiguration section */

/* Begin XCConfigurationList section */
		002215191C2CE63900E665F6 /* Build configuration list for PBXProject "ANWeather" */ = {
			isa = XCConfigurationList;
			buildConfigurations = (
				002215421C2CE63900E665F6 /* Debug */,
				002215431C2CE63900E665F6 /* Release */,
			);
			defaultConfigurationIsVisible = 0;
			defaultConfigurationName = Release;
		};
		002215441C2CE63900E665F6 /* Build configuration list for PBXNativeTarget "ANWeather" */ = {
			isa = XCConfigurationList;
			buildConfigurations = (
				002215451C2CE63900E665F6 /* Debug */,
				002215461C2CE63900E665F6 /* Release */,
			);
			defaultConfigurationIsVisible = 0;
			defaultConfigurationName = Release;
		};
		002215471C2CE63900E665F6 /* Build configuration list for PBXNativeTarget "ANWeatherTests" */ = {
			isa = XCConfigurationList;
			buildConfigurations = (
				002215481C2CE63900E665F6 /* Debug */,
				002215491C2CE63900E665F6 /* Release */,
			);
			defaultConfigurationIsVisible = 0;
			defaultConfigurationName = Release;
		};
/* End XCConfigurationList section */

/* Begin XCVersionGroup section */
		002215281C2CE63900E665F6 /* ANWeather.xcdatamodeld */ = {
			isa = XCVersionGroup;
			children = (
				002215291C2CE63900E665F6 /* ANWeather.xcdatamodel */,
			);
			currentVersion = 002215291C2CE63900E665F6 /* ANWeather.xcdatamodel */;
			path = ANWeather.xcdatamodeld;
			sourceTree = "<group>";
			versionGroupType = wrapper.xcdatamodel;
		};
/* End XCVersionGroup section */
	};
	rootObject = 002215161C2CE63900E665F6 /* Project object */;
}
